// !$*UTF8*$!
{
	archiveVersion = 1;
	classes = {
	};
	objectVersion = 50;
	objects = {

/* Begin PBXBuildFile section */
		0A13BA2826004DE200CC2D15 /* SetUpItemViewController.swift in Sources */ = {isa = PBXBuildFile; fileRef = 0A13BA2626004DE200CC2D15 /* SetUpItemViewController.swift */; };
		0A1E0E092609D72900910A4B /* UIDatePickerExtension.swift in Sources */ = {isa = PBXBuildFile; fileRef = 0A1E0E082609D72900910A4B /* UIDatePickerExtension.swift */; };
		0A1E0E112609DE9B00910A4B /* FormatUtil.swift in Sources */ = {isa = PBXBuildFile; fileRef = 0A1E0E102609DE9A00910A4B /* FormatUtil.swift */; };
		0A2E9E6F25F74D0F006ACEAC /* ColorHexUtil.swift in Sources */ = {isa = PBXBuildFile; fileRef = 0A2E9E6E25F74D0F006ACEAC /* ColorHexUtil.swift */; };
		0A2E9E8C25F76E50006ACEAC /* ColorDef.swift in Sources */ = {isa = PBXBuildFile; fileRef = 0A2E9E8B25F76E50006ACEAC /* ColorDef.swift */; };
		0A2E9E9425F771E3006ACEAC /* UIViewExtension.swift in Sources */ = {isa = PBXBuildFile; fileRef = 0A2E9E9325F771E3006ACEAC /* UIViewExtension.swift */; };
		0A570510262D6C11002E944B /* SetUpItemTableViewCell.swift in Sources */ = {isa = PBXBuildFile; fileRef = 0A57050E262D6C11002E944B /* SetUpItemTableViewCell.swift */; };
		0A570511262D6C11002E944B /* SetUpItemTableViewCell.xib in Resources */ = {isa = PBXBuildFile; fileRef = 0A57050F262D6C11002E944B /* SetUpItemTableViewCell.xib */; };
		0AB150082615A8A80019E2A4 /* CashRegisterViewModel.swift in Sources */ = {isa = PBXBuildFile; fileRef = 0AB150072615A8A80019E2A4 /* CashRegisterViewModel.swift */; };
		0AE56F4525FF5D1C00877314 /* StepUp.storyboard in Resources */ = {isa = PBXBuildFile; fileRef = 0AE56F4425FF5D1C00877314 /* StepUp.storyboard */; };
		0AE56F4A25FF5D5600877314 /* SetUpViewController.swift in Sources */ = {isa = PBXBuildFile; fileRef = 0AE56F4925FF5D5600877314 /* SetUpViewController.swift */; };
		0AF28B6E25FAFADE008CA39A /* Data.storyboard in Resources */ = {isa = PBXBuildFile; fileRef = 0AF28B6D25FAFADE008CA39A /* Data.storyboard */; };
		0AF28B7625FAFFBC008CA39A /* HistoryDataViewController.swift in Sources */ = {isa = PBXBuildFile; fileRef = 0AF28B7525FAFFBC008CA39A /* HistoryDataViewController.swift */; };
		0AF28B9025FB0AC8008CA39A /* HistoryDataTableViewCell.swift in Sources */ = {isa = PBXBuildFile; fileRef = 0AF28B8E25FB0AC8008CA39A /* HistoryDataTableViewCell.swift */; };
		0AF28B9125FB0AC8008CA39A /* HistoryDataTableViewCell.xib in Resources */ = {isa = PBXBuildFile; fileRef = 0AF28B8F25FB0AC8008CA39A /* HistoryDataTableViewCell.xib */; };
		0AFA5B9B26018B6A000FD4C0 /* BaseViewController.swift in Sources */ = {isa = PBXBuildFile; fileRef = 0AFA5B9A26018B6A000FD4C0 /* BaseViewController.swift */; };
		117DC0994EDA9B27859E2163 /* libPods-cashRegister.a in Frameworks */ = {isa = PBXBuildFile; fileRef = BAB6091E60BCDF87E209AF12 /* libPods-cashRegister.a */; };
		601CDB092896C93000444187 /* CompanyRegisterViewController.swift in Sources */ = {isa = PBXBuildFile; fileRef = 601CDB082896C93000444187 /* CompanyRegisterViewController.swift */; };
		601CDB0A2896C93000444187 /* CompanyRegisterViewController.swift in Sources */ = {isa = PBXBuildFile; fileRef = 601CDB082896C93000444187 /* CompanyRegisterViewController.swift */; };
		601CDB0B2896C93000444187 /* CompanyRegisterViewController.swift in Sources */ = {isa = PBXBuildFile; fileRef = 601CDB082896C93000444187 /* CompanyRegisterViewController.swift */; };
		601CDB0E289818A200444187 /* CompanyRegisterViewModel.swift in Sources */ = {isa = PBXBuildFile; fileRef = 601CDB0D289818A200444187 /* CompanyRegisterViewModel.swift */; };
		601CDB0F289818A200444187 /* CompanyRegisterViewModel.swift in Sources */ = {isa = PBXBuildFile; fileRef = 601CDB0D289818A200444187 /* CompanyRegisterViewModel.swift */; };
		601CDB10289818A200444187 /* CompanyRegisterViewModel.swift in Sources */ = {isa = PBXBuildFile; fileRef = 601CDB0D289818A200444187 /* CompanyRegisterViewModel.swift */; };
		601CDB12289C139100444187 /* MemberRegisterViewModel.swift in Sources */ = {isa = PBXBuildFile; fileRef = 601CDB11289C139100444187 /* MemberRegisterViewModel.swift */; };
		601CDB13289C139100444187 /* MemberRegisterViewModel.swift in Sources */ = {isa = PBXBuildFile; fileRef = 601CDB11289C139100444187 /* MemberRegisterViewModel.swift */; };
		601CDB14289C139100444187 /* MemberRegisterViewModel.swift in Sources */ = {isa = PBXBuildFile; fileRef = 601CDB11289C139100444187 /* MemberRegisterViewModel.swift */; };
		601CDB16289E4D8C00444187 /* Constant.swift in Sources */ = {isa = PBXBuildFile; fileRef = 601CDB15289E4D8C00444187 /* Constant.swift */; };
		601CDB17289E4D8C00444187 /* Constant.swift in Sources */ = {isa = PBXBuildFile; fileRef = 601CDB15289E4D8C00444187 /* Constant.swift */; };
		601CDB18289E4D8C00444187 /* Constant.swift in Sources */ = {isa = PBXBuildFile; fileRef = 601CDB15289E4D8C00444187 /* Constant.swift */; };
		601CDB1A289E603B00444187 /* LoginResponse.swift in Sources */ = {isa = PBXBuildFile; fileRef = 601CDB19289E603B00444187 /* LoginResponse.swift */; };
		601CDB1B289E603B00444187 /* LoginResponse.swift in Sources */ = {isa = PBXBuildFile; fileRef = 601CDB19289E603B00444187 /* LoginResponse.swift */; };
		601CDB1C289E603B00444187 /* LoginResponse.swift in Sources */ = {isa = PBXBuildFile; fileRef = 601CDB19289E603B00444187 /* LoginResponse.swift */; };
		60310D7F26C8A5D900D0D726 /* Main.storyboard in Resources */ = {isa = PBXBuildFile; fileRef = 60E1892025E9F079002A0F89 /* Main.storyboard */; };
		60310D8026C8A5DA00D0D726 /* Main.storyboard in Resources */ = {isa = PBXBuildFile; fileRef = 60E1892025E9F079002A0F89 /* Main.storyboard */; };
		60310D8126C8A5DF00D0D726 /* CashRegister.storyboard in Resources */ = {isa = PBXBuildFile; fileRef = 60E1897325EA2A7E002A0F89 /* CashRegister.storyboard */; };
		60310D8226C8A5DF00D0D726 /* CashRegister.storyboard in Resources */ = {isa = PBXBuildFile; fileRef = 60E1897325EA2A7E002A0F89 /* CashRegister.storyboard */; };
		60310D8326C8A5E100D0D726 /* Data.storyboard in Resources */ = {isa = PBXBuildFile; fileRef = 0AF28B6D25FAFADE008CA39A /* Data.storyboard */; };
		60310D8426C8A5E200D0D726 /* Data.storyboard in Resources */ = {isa = PBXBuildFile; fileRef = 0AF28B6D25FAFADE008CA39A /* Data.storyboard */; };
		60310D8526C8A5E400D0D726 /* StepUp.storyboard in Resources */ = {isa = PBXBuildFile; fileRef = 0AE56F4425FF5D1C00877314 /* StepUp.storyboard */; };
		60310D8626C8A5E500D0D726 /* StepUp.storyboard in Resources */ = {isa = PBXBuildFile; fileRef = 0AE56F4425FF5D1C00877314 /* StepUp.storyboard */; };
		60310D8726C8A5EA00D0D726 /* SetUpItemViewController.swift in Sources */ = {isa = PBXBuildFile; fileRef = 0A13BA2626004DE200CC2D15 /* SetUpItemViewController.swift */; };
		60310D8826C8A5EB00D0D726 /* SetUpItemViewController.swift in Sources */ = {isa = PBXBuildFile; fileRef = 0A13BA2626004DE200CC2D15 /* SetUpItemViewController.swift */; };
		60310D8926C8A5ED00D0D726 /* SetUpViewController.swift in Sources */ = {isa = PBXBuildFile; fileRef = 0AE56F4925FF5D5600877314 /* SetUpViewController.swift */; };
		60310D8A26C8A5ED00D0D726 /* SetUpViewController.swift in Sources */ = {isa = PBXBuildFile; fileRef = 0AE56F4925FF5D5600877314 /* SetUpViewController.swift */; };
		60310D8B26C8A5EF00D0D726 /* HistoryDataViewController.swift in Sources */ = {isa = PBXBuildFile; fileRef = 0AF28B7525FAFFBC008CA39A /* HistoryDataViewController.swift */; };
		60310D8C26C8A5F000D0D726 /* HistoryDataViewController.swift in Sources */ = {isa = PBXBuildFile; fileRef = 0AF28B7525FAFFBC008CA39A /* HistoryDataViewController.swift */; };
		60310D8D26C8A5F100D0D726 /* CashRegisterViewController.swift in Sources */ = {isa = PBXBuildFile; fileRef = 60E1897825EA2ADE002A0F89 /* CashRegisterViewController.swift */; };
		60310D8E26C8A5F200D0D726 /* CashRegisterViewController.swift in Sources */ = {isa = PBXBuildFile; fileRef = 60E1897825EA2ADE002A0F89 /* CashRegisterViewController.swift */; };
		60310D8F26C8A5F400D0D726 /* BaseViewController.swift in Sources */ = {isa = PBXBuildFile; fileRef = 0AFA5B9A26018B6A000FD4C0 /* BaseViewController.swift */; };
		60310D9026C8A5F400D0D726 /* BaseViewController.swift in Sources */ = {isa = PBXBuildFile; fileRef = 0AFA5B9A26018B6A000FD4C0 /* BaseViewController.swift */; };
		60310D9126C8A5F700D0D726 /* MainViewController.swift in Sources */ = {isa = PBXBuildFile; fileRef = 60E1891E25E9F079002A0F89 /* MainViewController.swift */; };
		60310D9226C8A5F700D0D726 /* MainViewController.swift in Sources */ = {isa = PBXBuildFile; fileRef = 60E1891E25E9F079002A0F89 /* MainViewController.swift */; };
		60310D9326C8A5FE00D0D726 /* FormatUtil.swift in Sources */ = {isa = PBXBuildFile; fileRef = 0A1E0E102609DE9A00910A4B /* FormatUtil.swift */; };
		60310D9426C8A5FE00D0D726 /* FormatUtil.swift in Sources */ = {isa = PBXBuildFile; fileRef = 0A1E0E102609DE9A00910A4B /* FormatUtil.swift */; };
		60310D9526C8A60100D0D726 /* ColorDef.swift in Sources */ = {isa = PBXBuildFile; fileRef = 0A2E9E8B25F76E50006ACEAC /* ColorDef.swift */; };
		60310D9626C8A60100D0D726 /* ColorDef.swift in Sources */ = {isa = PBXBuildFile; fileRef = 0A2E9E8B25F76E50006ACEAC /* ColorDef.swift */; };
		60310D9726C8A60400D0D726 /* ColorHexUtil.swift in Sources */ = {isa = PBXBuildFile; fileRef = 0A2E9E6E25F74D0F006ACEAC /* ColorHexUtil.swift */; };
		60310D9826C8A60400D0D726 /* ColorHexUtil.swift in Sources */ = {isa = PBXBuildFile; fileRef = 0A2E9E6E25F74D0F006ACEAC /* ColorHexUtil.swift */; };
		60310D9926C8A60600D0D726 /* UIDatePickerExtension.swift in Sources */ = {isa = PBXBuildFile; fileRef = 0A1E0E082609D72900910A4B /* UIDatePickerExtension.swift */; };
		60310D9A26C8A60700D0D726 /* UIDatePickerExtension.swift in Sources */ = {isa = PBXBuildFile; fileRef = 0A1E0E082609D72900910A4B /* UIDatePickerExtension.swift */; };
		60310D9B26C8A60900D0D726 /* UIViewExtension.swift in Sources */ = {isa = PBXBuildFile; fileRef = 0A2E9E9325F771E3006ACEAC /* UIViewExtension.swift */; };
		60310D9C26C8A60900D0D726 /* UIViewExtension.swift in Sources */ = {isa = PBXBuildFile; fileRef = 0A2E9E9325F771E3006ACEAC /* UIViewExtension.swift */; };
		60310D9D26C8A60B00D0D726 /* UserDefaultUtil.swift in Sources */ = {isa = PBXBuildFile; fileRef = 606AFAAF25F3806F00E16370 /* UserDefaultUtil.swift */; };
		60310D9E26C8A60C00D0D726 /* UserDefaultUtil.swift in Sources */ = {isa = PBXBuildFile; fileRef = 606AFAAF25F3806F00E16370 /* UserDefaultUtil.swift */; };
		60310D9F26C8A60F00D0D726 /* SetUpItemTableViewCell.swift in Sources */ = {isa = PBXBuildFile; fileRef = 0A57050E262D6C11002E944B /* SetUpItemTableViewCell.swift */; };
		60310DA026C8A60F00D0D726 /* SetUpItemTableViewCell.swift in Sources */ = {isa = PBXBuildFile; fileRef = 0A57050E262D6C11002E944B /* SetUpItemTableViewCell.swift */; };
		60310DA126C8A61200D0D726 /* SetUpItemTableViewCell.xib in Resources */ = {isa = PBXBuildFile; fileRef = 0A57050F262D6C11002E944B /* SetUpItemTableViewCell.xib */; };
		60310DA226C8A61200D0D726 /* SetUpItemTableViewCell.xib in Resources */ = {isa = PBXBuildFile; fileRef = 0A57050F262D6C11002E944B /* SetUpItemTableViewCell.xib */; };
		60310DA326C8A61500D0D726 /* HistoryDataTableViewCell.swift in Sources */ = {isa = PBXBuildFile; fileRef = 0AF28B8E25FB0AC8008CA39A /* HistoryDataTableViewCell.swift */; };
		60310DA426C8A61600D0D726 /* HistoryDataTableViewCell.swift in Sources */ = {isa = PBXBuildFile; fileRef = 0AF28B8E25FB0AC8008CA39A /* HistoryDataTableViewCell.swift */; };
		60310DA526C8A61800D0D726 /* HistoryDataTableViewCell.xib in Resources */ = {isa = PBXBuildFile; fileRef = 0AF28B8F25FB0AC8008CA39A /* HistoryDataTableViewCell.xib */; };
		60310DA626C8A61800D0D726 /* HistoryDataTableViewCell.xib in Resources */ = {isa = PBXBuildFile; fileRef = 0AF28B8F25FB0AC8008CA39A /* HistoryDataTableViewCell.xib */; };
		60310DB826C8DFD000D0D726 /* SetUpViewModel.swift in Sources */ = {isa = PBXBuildFile; fileRef = 60310DB726C8DFD000D0D726 /* SetUpViewModel.swift */; };
		60310DB926C8DFD000D0D726 /* SetUpViewModel.swift in Sources */ = {isa = PBXBuildFile; fileRef = 60310DB726C8DFD000D0D726 /* SetUpViewModel.swift */; };
		60310DBA26C8DFD000D0D726 /* SetUpViewModel.swift in Sources */ = {isa = PBXBuildFile; fileRef = 60310DB726C8DFD000D0D726 /* SetUpViewModel.swift */; };
		603C9BEE27B7DA9A00623681 /* BaseModel.swift in Sources */ = {isa = PBXBuildFile; fileRef = 60ECC6782725460F00B1A29A /* BaseModel.swift */; };
		603C9BEF27B7DA9A00623681 /* BaseModel.swift in Sources */ = {isa = PBXBuildFile; fileRef = 60ECC6782725460F00B1A29A /* BaseModel.swift */; };
		604AAD8A2743D65300A874B9 /* SetUpItemViewModel.swift in Sources */ = {isa = PBXBuildFile; fileRef = 604AAD892743D65300A874B9 /* SetUpItemViewModel.swift */; };
		604AAD8B2743D65300A874B9 /* SetUpItemViewModel.swift in Sources */ = {isa = PBXBuildFile; fileRef = 604AAD892743D65300A874B9 /* SetUpItemViewModel.swift */; };
		604AAD8C2743D65300A874B9 /* SetUpItemViewModel.swift in Sources */ = {isa = PBXBuildFile; fileRef = 604AAD892743D65300A874B9 /* SetUpItemViewModel.swift */; };
		604AAD9E2748DC8E00A874B9 /* BaseViewModel.swift in Sources */ = {isa = PBXBuildFile; fileRef = 604AAD9D2748DC8E00A874B9 /* BaseViewModel.swift */; };
		604AAD9F2748DC8E00A874B9 /* BaseViewModel.swift in Sources */ = {isa = PBXBuildFile; fileRef = 604AAD9D2748DC8E00A874B9 /* BaseViewModel.swift */; };
		604AADA02748DC8E00A874B9 /* BaseViewModel.swift in Sources */ = {isa = PBXBuildFile; fileRef = 604AAD9D2748DC8E00A874B9 /* BaseViewModel.swift */; };
		604AADA52748E87C00A874B9 /* BuyDetailModel.swift in Sources */ = {isa = PBXBuildFile; fileRef = 604AADA42748E87C00A874B9 /* BuyDetailModel.swift */; };
		604AADA62748E87C00A874B9 /* BuyDetailModel.swift in Sources */ = {isa = PBXBuildFile; fileRef = 604AADA42748E87C00A874B9 /* BuyDetailModel.swift */; };
		604AADA72748E87C00A874B9 /* BuyDetailModel.swift in Sources */ = {isa = PBXBuildFile; fileRef = 604AADA42748E87C00A874B9 /* BuyDetailModel.swift */; };
		604AADAF2748E90F00A874B9 /* BuyDetailResponse.swift in Sources */ = {isa = PBXBuildFile; fileRef = 604AADAE2748E90F00A874B9 /* BuyDetailResponse.swift */; };
		604AADB02748E90F00A874B9 /* BuyDetailResponse.swift in Sources */ = {isa = PBXBuildFile; fileRef = 604AADAE2748E90F00A874B9 /* BuyDetailResponse.swift */; };
		604AADB12748E90F00A874B9 /* BuyDetailResponse.swift in Sources */ = {isa = PBXBuildFile; fileRef = 604AADAE2748E90F00A874B9 /* BuyDetailResponse.swift */; };
		604AADB62748EAD700A874B9 /* CashRegisterViewModel.swift in Sources */ = {isa = PBXBuildFile; fileRef = 0AB150072615A8A80019E2A4 /* CashRegisterViewModel.swift */; };
		604AADB72748EAD700A874B9 /* CashRegisterViewModel.swift in Sources */ = {isa = PBXBuildFile; fileRef = 0AB150072615A8A80019E2A4 /* CashRegisterViewModel.swift */; };
		6068CC0227F880EF00F6A065 /* LoginViewController.swift in Sources */ = {isa = PBXBuildFile; fileRef = 6068CC0027F880EF00F6A065 /* LoginViewController.swift */; };
		6068CC0327F880EF00F6A065 /* LoginViewController.swift in Sources */ = {isa = PBXBuildFile; fileRef = 6068CC0027F880EF00F6A065 /* LoginViewController.swift */; };
		6068CC0427F880EF00F6A065 /* LoginViewController.swift in Sources */ = {isa = PBXBuildFile; fileRef = 6068CC0027F880EF00F6A065 /* LoginViewController.swift */; };
		6068CC0927F8821200F6A065 /* AccPwdTextField.swift in Sources */ = {isa = PBXBuildFile; fileRef = 6068CC0827F8821200F6A065 /* AccPwdTextField.swift */; };
		6068CC0A27F8821200F6A065 /* AccPwdTextField.swift in Sources */ = {isa = PBXBuildFile; fileRef = 6068CC0827F8821200F6A065 /* AccPwdTextField.swift */; };
		6068CC0B27F8821200F6A065 /* AccPwdTextField.swift in Sources */ = {isa = PBXBuildFile; fileRef = 6068CC0827F8821200F6A065 /* AccPwdTextField.swift */; };
		6068CC0D27F8A78D00F6A065 /* Register.storyboard in Resources */ = {isa = PBXBuildFile; fileRef = 6068CC0C27F8A78D00F6A065 /* Register.storyboard */; };
		6068CC0E27F8A78D00F6A065 /* Register.storyboard in Resources */ = {isa = PBXBuildFile; fileRef = 6068CC0C27F8A78D00F6A065 /* Register.storyboard */; };
		6068CC0F27F8A78D00F6A065 /* Register.storyboard in Resources */ = {isa = PBXBuildFile; fileRef = 6068CC0C27F8A78D00F6A065 /* Register.storyboard */; };
		6068CC1327F8AB3A00F6A065 /* MemberRegisterViewController.swift in Sources */ = {isa = PBXBuildFile; fileRef = 6068CC1127F8AB3A00F6A065 /* MemberRegisterViewController.swift */; };
		6068CC1427F8AB3A00F6A065 /* MemberRegisterViewController.swift in Sources */ = {isa = PBXBuildFile; fileRef = 6068CC1127F8AB3A00F6A065 /* MemberRegisterViewController.swift */; };
		6068CC1527F8AB3A00F6A065 /* MemberRegisterViewController.swift in Sources */ = {isa = PBXBuildFile; fileRef = 6068CC1127F8AB3A00F6A065 /* MemberRegisterViewController.swift */; };
		606AFAB025F3806F00E16370 /* UserDefaultUtil.swift in Sources */ = {isa = PBXBuildFile; fileRef = 606AFAAF25F3806F00E16370 /* UserDefaultUtil.swift */; };
		60B98A68272D00120004B7C3 /* HistorySettingDataSettingViewController.swift in Sources */ = {isa = PBXBuildFile; fileRef = 60B98A66272D00120004B7C3 /* HistorySettingDataSettingViewController.swift */; };
		60B98A69272D00120004B7C3 /* HistorySettingDataSettingViewController.swift in Sources */ = {isa = PBXBuildFile; fileRef = 60B98A66272D00120004B7C3 /* HistorySettingDataSettingViewController.swift */; };
		60B98A6A272D00120004B7C3 /* HistorySettingDataSettingViewController.swift in Sources */ = {isa = PBXBuildFile; fileRef = 60B98A66272D00120004B7C3 /* HistorySettingDataSettingViewController.swift */; };
		60CEA90526F9980D004DE85B /* DatePickViewController.swift in Sources */ = {isa = PBXBuildFile; fileRef = 60CEA90426F9980D004DE85B /* DatePickViewController.swift */; };
		60CEA90626F9980D004DE85B /* DatePickViewController.swift in Sources */ = {isa = PBXBuildFile; fileRef = 60CEA90426F9980D004DE85B /* DatePickViewController.swift */; };
		60CEA90726F9980D004DE85B /* DatePickViewController.swift in Sources */ = {isa = PBXBuildFile; fileRef = 60CEA90426F9980D004DE85B /* DatePickViewController.swift */; };
		60DE9366282FA982000B7F11 /* StringExtension.swift in Sources */ = {isa = PBXBuildFile; fileRef = 60DE9365282FA982000B7F11 /* StringExtension.swift */; };
		60DE9367282FA982000B7F11 /* StringExtension.swift in Sources */ = {isa = PBXBuildFile; fileRef = 60DE9365282FA982000B7F11 /* StringExtension.swift */; };
		60DE9368282FA982000B7F11 /* StringExtension.swift in Sources */ = {isa = PBXBuildFile; fileRef = 60DE9365282FA982000B7F11 /* StringExtension.swift */; };
		60E1891B25E9F079002A0F89 /* AppDelegate.swift in Sources */ = {isa = PBXBuildFile; fileRef = 60E1891A25E9F079002A0F89 /* AppDelegate.swift */; };
		60E1891D25E9F079002A0F89 /* SceneDelegate.swift in Sources */ = {isa = PBXBuildFile; fileRef = 60E1891C25E9F079002A0F89 /* SceneDelegate.swift */; };
		60E1891F25E9F079002A0F89 /* MainViewController.swift in Sources */ = {isa = PBXBuildFile; fileRef = 60E1891E25E9F079002A0F89 /* MainViewController.swift */; };
		60E1892225E9F079002A0F89 /* Main.storyboard in Resources */ = {isa = PBXBuildFile; fileRef = 60E1892025E9F079002A0F89 /* Main.storyboard */; };
		60E1892425E9F07A002A0F89 /* Assets.xcassets in Resources */ = {isa = PBXBuildFile; fileRef = 60E1892325E9F07A002A0F89 /* Assets.xcassets */; };
		60E1892725E9F07A002A0F89 /* LaunchScreen.storyboard in Resources */ = {isa = PBXBuildFile; fileRef = 60E1892525E9F07A002A0F89 /* LaunchScreen.storyboard */; };
		60E1893225E9F07B002A0F89 /* cashRegisterTests.swift in Sources */ = {isa = PBXBuildFile; fileRef = 60E1893125E9F07B002A0F89 /* cashRegisterTests.swift */; };
		60E1893D25E9F07B002A0F89 /* cashRegisterUITests.swift in Sources */ = {isa = PBXBuildFile; fileRef = 60E1893C25E9F07B002A0F89 /* cashRegisterUITests.swift */; };
		60E1897425EA2A7E002A0F89 /* CashRegister.storyboard in Resources */ = {isa = PBXBuildFile; fileRef = 60E1897325EA2A7E002A0F89 /* CashRegister.storyboard */; };
		60E1897925EA2ADE002A0F89 /* CashRegisterViewController.swift in Sources */ = {isa = PBXBuildFile; fileRef = 60E1897825EA2ADE002A0F89 /* CashRegisterViewController.swift */; };
		60ECC6792725460F00B1A29A /* BaseModel.swift in Sources */ = {isa = PBXBuildFile; fileRef = 60ECC6782725460F00B1A29A /* BaseModel.swift */; };
		60EE7D802737C0BE00B27215 /* BentoModel.swift in Sources */ = {isa = PBXBuildFile; fileRef = 60EE7D7F2737C0BE00B27215 /* BentoModel.swift */; };
		60EE7D812737C0BE00B27215 /* BentoModel.swift in Sources */ = {isa = PBXBuildFile; fileRef = 60EE7D7F2737C0BE00B27215 /* BentoModel.swift */; };
		60EE7D822737C0BE00B27215 /* BentoModel.swift in Sources */ = {isa = PBXBuildFile; fileRef = 60EE7D7F2737C0BE00B27215 /* BentoModel.swift */; };
		60F49E4628B1FCBA0099CB44 /* APIManager.swift in Sources */ = {isa = PBXBuildFile; fileRef = 60F49E4528B1FCBA0099CB44 /* APIManager.swift */; };
		60F49E4728B1FCBA0099CB44 /* APIManager.swift in Sources */ = {isa = PBXBuildFile; fileRef = 60F49E4528B1FCBA0099CB44 /* APIManager.swift */; };
		60F49E4828B1FCBA0099CB44 /* APIManager.swift in Sources */ = {isa = PBXBuildFile; fileRef = 60F49E4528B1FCBA0099CB44 /* APIManager.swift */; };
		60FE85C927BBCBC8003E3314 /* CashRegisterModel.swift in Sources */ = {isa = PBXBuildFile; fileRef = 60FE85C827BBCBC8003E3314 /* CashRegisterModel.swift */; };
		60FE85CA27BBCBC8003E3314 /* CashRegisterModel.swift in Sources */ = {isa = PBXBuildFile; fileRef = 60FE85C827BBCBC8003E3314 /* CashRegisterModel.swift */; };
		60FE85CB27BBCBC8003E3314 /* CashRegisterModel.swift in Sources */ = {isa = PBXBuildFile; fileRef = 60FE85C827BBCBC8003E3314 /* CashRegisterModel.swift */; };
		60FE85CD27BD3876003E3314 /* CashRegisterItemCollectionViewCell.swift in Sources */ = {isa = PBXBuildFile; fileRef = 60FE85CC27BD3876003E3314 /* CashRegisterItemCollectionViewCell.swift */; };
		60FE85CE27BD3876003E3314 /* CashRegisterItemCollectionViewCell.swift in Sources */ = {isa = PBXBuildFile; fileRef = 60FE85CC27BD3876003E3314 /* CashRegisterItemCollectionViewCell.swift */; };
		60FE85CF27BD3876003E3314 /* CashRegisterItemCollectionViewCell.swift in Sources */ = {isa = PBXBuildFile; fileRef = 60FE85CC27BD3876003E3314 /* CashRegisterItemCollectionViewCell.swift */; };
		60FE85D327BD3887003E3314 /* CashRegisterDetailTableViewCell.swift in Sources */ = {isa = PBXBuildFile; fileRef = 60FE85D027BD3887003E3314 /* CashRegisterDetailTableViewCell.swift */; };
		60FE85D427BD3887003E3314 /* CashRegisterDetailTableViewCell.swift in Sources */ = {isa = PBXBuildFile; fileRef = 60FE85D027BD3887003E3314 /* CashRegisterDetailTableViewCell.swift */; };
		60FE85D527BD3887003E3314 /* CashRegisterDetailTableViewCell.swift in Sources */ = {isa = PBXBuildFile; fileRef = 60FE85D027BD3887003E3314 /* CashRegisterDetailTableViewCell.swift */; };
		60FE85D627BD3887003E3314 /* CashRegisterDetailTableViewCell.xib in Resources */ = {isa = PBXBuildFile; fileRef = 60FE85D127BD3887003E3314 /* CashRegisterDetailTableViewCell.xib */; };
		60FE85D727BD3887003E3314 /* CashRegisterDetailTableViewCell.xib in Resources */ = {isa = PBXBuildFile; fileRef = 60FE85D127BD3887003E3314 /* CashRegisterDetailTableViewCell.xib */; };
		60FE85D827BD3887003E3314 /* CashRegisterDetailTableViewCell.xib in Resources */ = {isa = PBXBuildFile; fileRef = 60FE85D127BD3887003E3314 /* CashRegisterDetailTableViewCell.xib */; };
		60FE85D927BD3887003E3314 /* CashRegisterItemCollectionViewCell.xib in Resources */ = {isa = PBXBuildFile; fileRef = 60FE85D227BD3887003E3314 /* CashRegisterItemCollectionViewCell.xib */; };
		60FE85DA27BD3887003E3314 /* CashRegisterItemCollectionViewCell.xib in Resources */ = {isa = PBXBuildFile; fileRef = 60FE85D227BD3887003E3314 /* CashRegisterItemCollectionViewCell.xib */; };
		60FE85DB27BD3887003E3314 /* CashRegisterItemCollectionViewCell.xib in Resources */ = {isa = PBXBuildFile; fileRef = 60FE85D227BD3887003E3314 /* CashRegisterItemCollectionViewCell.xib */; };
		60FE85DE27BD3896003E3314 /* CashRegisterItemCollectionViewModel.swift in Sources */ = {isa = PBXBuildFile; fileRef = 60FE85DC27BD3896003E3314 /* CashRegisterItemCollectionViewModel.swift */; };
		60FE85DF27BD3896003E3314 /* CashRegisterItemCollectionViewModel.swift in Sources */ = {isa = PBXBuildFile; fileRef = 60FE85DC27BD3896003E3314 /* CashRegisterItemCollectionViewModel.swift */; };
		60FE85E027BD3896003E3314 /* CashRegisterItemCollectionViewModel.swift in Sources */ = {isa = PBXBuildFile; fileRef = 60FE85DC27BD3896003E3314 /* CashRegisterItemCollectionViewModel.swift */; };
		60FE85E127BD3896003E3314 /* CashRegisterDetailTableViewModel.swift in Sources */ = {isa = PBXBuildFile; fileRef = 60FE85DD27BD3896003E3314 /* CashRegisterDetailTableViewModel.swift */; };
		60FE85E227BD3896003E3314 /* CashRegisterDetailTableViewModel.swift in Sources */ = {isa = PBXBuildFile; fileRef = 60FE85DD27BD3896003E3314 /* CashRegisterDetailTableViewModel.swift */; };
		60FE85E327BD3896003E3314 /* CashRegisterDetailTableViewModel.swift in Sources */ = {isa = PBXBuildFile; fileRef = 60FE85DD27BD3896003E3314 /* CashRegisterDetailTableViewModel.swift */; };
		60FE85E527C09306003E3314 /* HistoryDataTableViewMdoel.swift in Sources */ = {isa = PBXBuildFile; fileRef = 60FE85E427C09306003E3314 /* HistoryDataTableViewMdoel.swift */; };
		60FE85E627C09306003E3314 /* HistoryDataTableViewMdoel.swift in Sources */ = {isa = PBXBuildFile; fileRef = 60FE85E427C09306003E3314 /* HistoryDataTableViewMdoel.swift */; };
		60FE85E727C09306003E3314 /* HistoryDataTableViewMdoel.swift in Sources */ = {isa = PBXBuildFile; fileRef = 60FE85E427C09306003E3314 /* HistoryDataTableViewMdoel.swift */; };
		60FE85F127C1252C003E3314 /* DatePickViewModel.swift in Sources */ = {isa = PBXBuildFile; fileRef = 60FE85F027C1252C003E3314 /* DatePickViewModel.swift */; };
		60FE85F227C1252C003E3314 /* DatePickViewModel.swift in Sources */ = {isa = PBXBuildFile; fileRef = 60FE85F027C1252C003E3314 /* DatePickViewModel.swift */; };
		60FE85F327C1252C003E3314 /* DatePickViewModel.swift in Sources */ = {isa = PBXBuildFile; fileRef = 60FE85F027C1252C003E3314 /* DatePickViewModel.swift */; };
		A10A8318C4C576B99C5C220B /* libPods-cashRegisterUITests.a in Frameworks */ = {isa = PBXBuildFile; fileRef = 85C17694D1989D94CEDEB2A7 /* libPods-cashRegisterUITests.a */; };
/* End PBXBuildFile section */

/* Begin PBXContainerItemProxy section */
		60E1892E25E9F07B002A0F89 /* PBXContainerItemProxy */ = {
			isa = PBXContainerItemProxy;
			containerPortal = 60E1890F25E9F079002A0F89 /* Project object */;
			proxyType = 1;
			remoteGlobalIDString = 60E1891625E9F079002A0F89;
			remoteInfo = cashRegister;
		};
		60E1893925E9F07B002A0F89 /* PBXContainerItemProxy */ = {
			isa = PBXContainerItemProxy;
			containerPortal = 60E1890F25E9F079002A0F89 /* Project object */;
			proxyType = 1;
			remoteGlobalIDString = 60E1891625E9F079002A0F89;
			remoteInfo = cashRegister;
		};
/* End PBXContainerItemProxy section */

/* Begin PBXFileReference section */
		0A13BA2626004DE200CC2D15 /* SetUpItemViewController.swift */ = {isa = PBXFileReference; lastKnownFileType = sourcecode.swift; path = SetUpItemViewController.swift; sourceTree = "<group>"; };
		0A1E0E082609D72900910A4B /* UIDatePickerExtension.swift */ = {isa = PBXFileReference; lastKnownFileType = sourcecode.swift; path = UIDatePickerExtension.swift; sourceTree = "<group>"; };
		0A1E0E102609DE9A00910A4B /* FormatUtil.swift */ = {isa = PBXFileReference; lastKnownFileType = sourcecode.swift; path = FormatUtil.swift; sourceTree = "<group>"; };
		0A2E9E6E25F74D0F006ACEAC /* ColorHexUtil.swift */ = {isa = PBXFileReference; lastKnownFileType = sourcecode.swift; path = ColorHexUtil.swift; sourceTree = "<group>"; };
		0A2E9E8B25F76E50006ACEAC /* ColorDef.swift */ = {isa = PBXFileReference; lastKnownFileType = sourcecode.swift; path = ColorDef.swift; sourceTree = "<group>"; };
		0A2E9E9325F771E3006ACEAC /* UIViewExtension.swift */ = {isa = PBXFileReference; lastKnownFileType = sourcecode.swift; path = UIViewExtension.swift; sourceTree = "<group>"; };
		0A57050E262D6C11002E944B /* SetUpItemTableViewCell.swift */ = {isa = PBXFileReference; lastKnownFileType = sourcecode.swift; path = SetUpItemTableViewCell.swift; sourceTree = "<group>"; };
		0A57050F262D6C11002E944B /* SetUpItemTableViewCell.xib */ = {isa = PBXFileReference; lastKnownFileType = file.xib; path = SetUpItemTableViewCell.xib; sourceTree = "<group>"; };
		0AB150072615A8A80019E2A4 /* CashRegisterViewModel.swift */ = {isa = PBXFileReference; lastKnownFileType = sourcecode.swift; path = CashRegisterViewModel.swift; sourceTree = "<group>"; };
		0AE56F4425FF5D1C00877314 /* StepUp.storyboard */ = {isa = PBXFileReference; lastKnownFileType = file.storyboard; path = StepUp.storyboard; sourceTree = "<group>"; };
		0AE56F4925FF5D5600877314 /* SetUpViewController.swift */ = {isa = PBXFileReference; lastKnownFileType = sourcecode.swift; path = SetUpViewController.swift; sourceTree = "<group>"; };
		0AF28B6D25FAFADE008CA39A /* Data.storyboard */ = {isa = PBXFileReference; lastKnownFileType = file.storyboard; path = Data.storyboard; sourceTree = "<group>"; };
		0AF28B7525FAFFBC008CA39A /* HistoryDataViewController.swift */ = {isa = PBXFileReference; lastKnownFileType = sourcecode.swift; path = HistoryDataViewController.swift; sourceTree = "<group>"; };
		0AF28B8E25FB0AC8008CA39A /* HistoryDataTableViewCell.swift */ = {isa = PBXFileReference; lastKnownFileType = sourcecode.swift; path = HistoryDataTableViewCell.swift; sourceTree = "<group>"; };
		0AF28B8F25FB0AC8008CA39A /* HistoryDataTableViewCell.xib */ = {isa = PBXFileReference; lastKnownFileType = file.xib; path = HistoryDataTableViewCell.xib; sourceTree = "<group>"; };
		0AFA5B9A26018B6A000FD4C0 /* BaseViewController.swift */ = {isa = PBXFileReference; lastKnownFileType = sourcecode.swift; path = BaseViewController.swift; sourceTree = "<group>"; };
		265E6C8076F11FB8C60A4B40 /* Pods-cashRegisterUITests.release.xcconfig */ = {isa = PBXFileReference; includeInIndex = 1; lastKnownFileType = text.xcconfig; name = "Pods-cashRegisterUITests.release.xcconfig"; path = "Target Support Files/Pods-cashRegisterUITests/Pods-cashRegisterUITests.release.xcconfig"; sourceTree = "<group>"; };
		29AE339F29ADC37001694EDC /* Pods-cashRegister-cashRegisterUITests.release.xcconfig */ = {isa = PBXFileReference; includeInIndex = 1; lastKnownFileType = text.xcconfig; name = "Pods-cashRegister-cashRegisterUITests.release.xcconfig"; path = "Target Support Files/Pods-cashRegister-cashRegisterUITests/Pods-cashRegister-cashRegisterUITests.release.xcconfig"; sourceTree = "<group>"; };
		302EB3858FE4942D0212E79A /* Pods-cashRegister.debug.xcconfig */ = {isa = PBXFileReference; includeInIndex = 1; lastKnownFileType = text.xcconfig; name = "Pods-cashRegister.debug.xcconfig"; path = "Target Support Files/Pods-cashRegister/Pods-cashRegister.debug.xcconfig"; sourceTree = "<group>"; };
		3F1254E579BB02B04F27F489 /* Pods-cashRegister.release.xcconfig */ = {isa = PBXFileReference; includeInIndex = 1; lastKnownFileType = text.xcconfig; name = "Pods-cashRegister.release.xcconfig"; path = "Target Support Files/Pods-cashRegister/Pods-cashRegister.release.xcconfig"; sourceTree = "<group>"; };
		4608DA1AF5FAAFC2A151ACE2 /* Pods-cashRegister-cashRegisterUITests.debug.xcconfig */ = {isa = PBXFileReference; includeInIndex = 1; lastKnownFileType = text.xcconfig; name = "Pods-cashRegister-cashRegisterUITests.debug.xcconfig"; path = "Target Support Files/Pods-cashRegister-cashRegisterUITests/Pods-cashRegister-cashRegisterUITests.debug.xcconfig"; sourceTree = "<group>"; };
		601CDB082896C93000444187 /* CompanyRegisterViewController.swift */ = {isa = PBXFileReference; lastKnownFileType = sourcecode.swift; path = CompanyRegisterViewController.swift; sourceTree = "<group>"; };
		601CDB0D289818A200444187 /* CompanyRegisterViewModel.swift */ = {isa = PBXFileReference; lastKnownFileType = sourcecode.swift; path = CompanyRegisterViewModel.swift; sourceTree = "<group>"; };
		601CDB11289C139100444187 /* MemberRegisterViewModel.swift */ = {isa = PBXFileReference; lastKnownFileType = sourcecode.swift; path = MemberRegisterViewModel.swift; sourceTree = "<group>"; };
		601CDB15289E4D8C00444187 /* Constant.swift */ = {isa = PBXFileReference; lastKnownFileType = sourcecode.swift; path = Constant.swift; sourceTree = "<group>"; };
		601CDB19289E603B00444187 /* LoginResponse.swift */ = {isa = PBXFileReference; lastKnownFileType = sourcecode.swift; path = LoginResponse.swift; sourceTree = "<group>"; };
		60310D6226C007FB00D0D726 /* RxSwift.framework */ = {isa = PBXFileReference; explicitFileType = wrapper.framework; path = RxSwift.framework; sourceTree = BUILT_PRODUCTS_DIR; };
		60310D6626C007FF00D0D726 /* RxCocoa.framework */ = {isa = PBXFileReference; explicitFileType = wrapper.framework; path = RxCocoa.framework; sourceTree = BUILT_PRODUCTS_DIR; };
		60310D6926C0087500D0D726 /* Alamofire.framework */ = {isa = PBXFileReference; explicitFileType = wrapper.framework; path = Alamofire.framework; sourceTree = BUILT_PRODUCTS_DIR; };
		60310D6C26C00A3200D0D726 /* Alamofire.framework */ = {isa = PBXFileReference; explicitFileType = wrapper.framework; path = Alamofire.framework; sourceTree = BUILT_PRODUCTS_DIR; };
		60310DB726C8DFD000D0D726 /* SetUpViewModel.swift */ = {isa = PBXFileReference; lastKnownFileType = sourcecode.swift; path = SetUpViewModel.swift; sourceTree = "<group>"; };
		604AAD892743D65300A874B9 /* SetUpItemViewModel.swift */ = {isa = PBXFileReference; lastKnownFileType = sourcecode.swift; path = SetUpItemViewModel.swift; sourceTree = "<group>"; };
		604AAD9D2748DC8E00A874B9 /* BaseViewModel.swift */ = {isa = PBXFileReference; lastKnownFileType = sourcecode.swift; path = BaseViewModel.swift; sourceTree = "<group>"; };
		604AADA42748E87C00A874B9 /* BuyDetailModel.swift */ = {isa = PBXFileReference; lastKnownFileType = sourcecode.swift; path = BuyDetailModel.swift; sourceTree = "<group>"; };
		604AADAE2748E90F00A874B9 /* BuyDetailResponse.swift */ = {isa = PBXFileReference; lastKnownFileType = sourcecode.swift; path = BuyDetailResponse.swift; sourceTree = "<group>"; };
		6068CC0027F880EF00F6A065 /* LoginViewController.swift */ = {isa = PBXFileReference; lastKnownFileType = sourcecode.swift; path = LoginViewController.swift; sourceTree = "<group>"; };
		6068CC0827F8821200F6A065 /* AccPwdTextField.swift */ = {isa = PBXFileReference; lastKnownFileType = sourcecode.swift; path = AccPwdTextField.swift; sourceTree = "<group>"; };
		6068CC0C27F8A78D00F6A065 /* Register.storyboard */ = {isa = PBXFileReference; lastKnownFileType = file.storyboard; path = Register.storyboard; sourceTree = "<group>"; };
		6068CC1127F8AB3A00F6A065 /* MemberRegisterViewController.swift */ = {isa = PBXFileReference; lastKnownFileType = sourcecode.swift; path = MemberRegisterViewController.swift; sourceTree = "<group>"; };
		606AFAAF25F3806F00E16370 /* UserDefaultUtil.swift */ = {isa = PBXFileReference; lastKnownFileType = sourcecode.swift; path = UserDefaultUtil.swift; sourceTree = "<group>"; };
		60B98A66272D00120004B7C3 /* HistorySettingDataSettingViewController.swift */ = {isa = PBXFileReference; lastKnownFileType = sourcecode.swift; path = HistorySettingDataSettingViewController.swift; sourceTree = "<group>"; };
		60CEA90426F9980D004DE85B /* DatePickViewController.swift */ = {isa = PBXFileReference; lastKnownFileType = sourcecode.swift; path = DatePickViewController.swift; sourceTree = "<group>"; };
		60DE9365282FA982000B7F11 /* StringExtension.swift */ = {isa = PBXFileReference; lastKnownFileType = sourcecode.swift; path = StringExtension.swift; sourceTree = "<group>"; };
		60E1891725E9F079002A0F89 /* cashRegister.app */ = {isa = PBXFileReference; explicitFileType = wrapper.application; includeInIndex = 0; path = cashRegister.app; sourceTree = BUILT_PRODUCTS_DIR; };
		60E1891A25E9F079002A0F89 /* AppDelegate.swift */ = {isa = PBXFileReference; lastKnownFileType = sourcecode.swift; path = AppDelegate.swift; sourceTree = "<group>"; };
		60E1891C25E9F079002A0F89 /* SceneDelegate.swift */ = {isa = PBXFileReference; lastKnownFileType = sourcecode.swift; path = SceneDelegate.swift; sourceTree = "<group>"; };
		60E1891E25E9F079002A0F89 /* MainViewController.swift */ = {isa = PBXFileReference; lastKnownFileType = sourcecode.swift; path = MainViewController.swift; sourceTree = "<group>"; };
		60E1892125E9F079002A0F89 /* Base */ = {isa = PBXFileReference; lastKnownFileType = file.storyboard; name = Base; path = Base.lproj/Main.storyboard; sourceTree = "<group>"; };
		60E1892325E9F07A002A0F89 /* Assets.xcassets */ = {isa = PBXFileReference; lastKnownFileType = folder.assetcatalog; path = Assets.xcassets; sourceTree = "<group>"; };
		60E1892625E9F07A002A0F89 /* Base */ = {isa = PBXFileReference; lastKnownFileType = file.storyboard; name = Base; path = Base.lproj/LaunchScreen.storyboard; sourceTree = "<group>"; };
		60E1892825E9F07A002A0F89 /* Info.plist */ = {isa = PBXFileReference; lastKnownFileType = text.plist.xml; path = Info.plist; sourceTree = "<group>"; };
		60E1892D25E9F07A002A0F89 /* cashRegisterTests.xctest */ = {isa = PBXFileReference; explicitFileType = wrapper.cfbundle; includeInIndex = 0; path = cashRegisterTests.xctest; sourceTree = BUILT_PRODUCTS_DIR; };
		60E1893125E9F07B002A0F89 /* cashRegisterTests.swift */ = {isa = PBXFileReference; lastKnownFileType = sourcecode.swift; path = cashRegisterTests.swift; sourceTree = "<group>"; };
		60E1893325E9F07B002A0F89 /* Info.plist */ = {isa = PBXFileReference; lastKnownFileType = text.plist.xml; name = Info.plist; path = ../cashRegisterTests/Info.plist; sourceTree = "<group>"; };
		60E1893825E9F07B002A0F89 /* cashRegisterUITests.xctest */ = {isa = PBXFileReference; explicitFileType = wrapper.cfbundle; includeInIndex = 0; path = cashRegisterUITests.xctest; sourceTree = BUILT_PRODUCTS_DIR; };
		60E1893C25E9F07B002A0F89 /* cashRegisterUITests.swift */ = {isa = PBXFileReference; lastKnownFileType = sourcecode.swift; path = cashRegisterUITests.swift; sourceTree = "<group>"; };
		60E1893E25E9F07B002A0F89 /* Info.plist */ = {isa = PBXFileReference; lastKnownFileType = text.plist.xml; path = Info.plist; sourceTree = "<group>"; };
		60E1897325EA2A7E002A0F89 /* CashRegister.storyboard */ = {isa = PBXFileReference; lastKnownFileType = file.storyboard; path = CashRegister.storyboard; sourceTree = "<group>"; };
		60E1897825EA2ADE002A0F89 /* CashRegisterViewController.swift */ = {isa = PBXFileReference; lastKnownFileType = sourcecode.swift; path = CashRegisterViewController.swift; sourceTree = "<group>"; };
		60ECC6782725460F00B1A29A /* BaseModel.swift */ = {isa = PBXFileReference; lastKnownFileType = sourcecode.swift; path = BaseModel.swift; sourceTree = "<group>"; };
		60EE7D7F2737C0BE00B27215 /* BentoModel.swift */ = {isa = PBXFileReference; lastKnownFileType = sourcecode.swift; path = BentoModel.swift; sourceTree = "<group>"; };
		60F49E4528B1FCBA0099CB44 /* APIManager.swift */ = {isa = PBXFileReference; lastKnownFileType = sourcecode.swift; path = APIManager.swift; sourceTree = "<group>"; };
		60FE85C827BBCBC8003E3314 /* CashRegisterModel.swift */ = {isa = PBXFileReference; lastKnownFileType = sourcecode.swift; path = CashRegisterModel.swift; sourceTree = "<group>"; };
		60FE85CC27BD3876003E3314 /* CashRegisterItemCollectionViewCell.swift */ = {isa = PBXFileReference; fileEncoding = 4; lastKnownFileType = sourcecode.swift; path = CashRegisterItemCollectionViewCell.swift; sourceTree = "<group>"; };
		60FE85D027BD3887003E3314 /* CashRegisterDetailTableViewCell.swift */ = {isa = PBXFileReference; fileEncoding = 4; lastKnownFileType = sourcecode.swift; path = CashRegisterDetailTableViewCell.swift; sourceTree = "<group>"; };
		60FE85D127BD3887003E3314 /* CashRegisterDetailTableViewCell.xib */ = {isa = PBXFileReference; fileEncoding = 4; lastKnownFileType = file.xib; path = CashRegisterDetailTableViewCell.xib; sourceTree = "<group>"; };
		60FE85D227BD3887003E3314 /* CashRegisterItemCollectionViewCell.xib */ = {isa = PBXFileReference; fileEncoding = 4; lastKnownFileType = file.xib; path = CashRegisterItemCollectionViewCell.xib; sourceTree = "<group>"; };
		60FE85DC27BD3896003E3314 /* CashRegisterItemCollectionViewModel.swift */ = {isa = PBXFileReference; fileEncoding = 4; lastKnownFileType = sourcecode.swift; path = CashRegisterItemCollectionViewModel.swift; sourceTree = "<group>"; };
		60FE85DD27BD3896003E3314 /* CashRegisterDetailTableViewModel.swift */ = {isa = PBXFileReference; fileEncoding = 4; lastKnownFileType = sourcecode.swift; path = CashRegisterDetailTableViewModel.swift; sourceTree = "<group>"; };
		60FE85E427C09306003E3314 /* HistoryDataTableViewMdoel.swift */ = {isa = PBXFileReference; lastKnownFileType = sourcecode.swift; path = HistoryDataTableViewMdoel.swift; sourceTree = "<group>"; };
		60FE85F027C1252C003E3314 /* DatePickViewModel.swift */ = {isa = PBXFileReference; lastKnownFileType = sourcecode.swift; path = DatePickViewModel.swift; sourceTree = "<group>"; };
		85C17694D1989D94CEDEB2A7 /* libPods-cashRegisterUITests.a */ = {isa = PBXFileReference; explicitFileType = archive.ar; includeInIndex = 0; path = "libPods-cashRegisterUITests.a"; sourceTree = BUILT_PRODUCTS_DIR; };
		949DC298E687EE481E3071D9 /* Pods-cashRegisterUITests.debug.xcconfig */ = {isa = PBXFileReference; includeInIndex = 1; lastKnownFileType = text.xcconfig; name = "Pods-cashRegisterUITests.debug.xcconfig"; path = "Target Support Files/Pods-cashRegisterUITests/Pods-cashRegisterUITests.debug.xcconfig"; sourceTree = "<group>"; };
		BAB6091E60BCDF87E209AF12 /* libPods-cashRegister.a */ = {isa = PBXFileReference; explicitFileType = archive.ar; includeInIndex = 0; path = "libPods-cashRegister.a"; sourceTree = BUILT_PRODUCTS_DIR; };
/* End PBXFileReference section */

/* Begin PBXFrameworksBuildPhase section */
		60E1891425E9F079002A0F89 /* Frameworks */ = {
			isa = PBXFrameworksBuildPhase;
			buildActionMask = 2147483647;
			files = (
				117DC0994EDA9B27859E2163 /* libPods-cashRegister.a in Frameworks */,
			);
			runOnlyForDeploymentPostprocessing = 0;
		};
		60E1892A25E9F07A002A0F89 /* Frameworks */ = {
			isa = PBXFrameworksBuildPhase;
			buildActionMask = 2147483647;
			files = (
			);
			runOnlyForDeploymentPostprocessing = 0;
		};
		60E1893525E9F07B002A0F89 /* Frameworks */ = {
			isa = PBXFrameworksBuildPhase;
			buildActionMask = 2147483647;
			files = (
				A10A8318C4C576B99C5C220B /* libPods-cashRegisterUITests.a in Frameworks */,
			);
			runOnlyForDeploymentPostprocessing = 0;
		};
/* End PBXFrameworksBuildPhase section */

/* Begin PBXGroup section */
		0A570515262D6C1C002E944B /* SetUp */ = {
			isa = PBXGroup;
			children = (
				606AFAC125F674AC00E16370 /* Item */,
				60310DB726C8DFD000D0D726 /* SetUpViewModel.swift */,
				0AE56F4925FF5D5600877314 /* SetUpViewController.swift */,
				0A57050E262D6C11002E944B /* SetUpItemTableViewCell.swift */,
				0A57050F262D6C11002E944B /* SetUpItemTableViewCell.xib */,
			);
			path = SetUp;
			sourceTree = "<group>";
		};
		0AF28B7D25FB0A8C008CA39A /* HistoryData */ = {
			isa = PBXGroup;
			children = (
				603C9BF227B8996800623681 /* viewModel */,
				60B98A66272D00120004B7C3 /* HistorySettingDataSettingViewController.swift */,
				0AF28B7525FAFFBC008CA39A /* HistoryDataViewController.swift */,
				0AF28B8E25FB0AC8008CA39A /* HistoryDataTableViewCell.swift */,
				0AF28B8F25FB0AC8008CA39A /* HistoryDataTableViewCell.xib */,
			);
			path = HistoryData;
			sourceTree = "<group>";
		};
		3B68AD9F8E35D8DA53AEAE30 /* Pods */ = {
			isa = PBXGroup;
			children = (
				4608DA1AF5FAAFC2A151ACE2 /* Pods-cashRegister-cashRegisterUITests.debug.xcconfig */,
				29AE339F29ADC37001694EDC /* Pods-cashRegister-cashRegisterUITests.release.xcconfig */,
				949DC298E687EE481E3071D9 /* Pods-cashRegisterUITests.debug.xcconfig */,
				265E6C8076F11FB8C60A4B40 /* Pods-cashRegisterUITests.release.xcconfig */,
				302EB3858FE4942D0212E79A /* Pods-cashRegister.debug.xcconfig */,
				3F1254E579BB02B04F27F489 /* Pods-cashRegister.release.xcconfig */,
			);
			path = Pods;
			sourceTree = "<group>";
		};
		601CDB0C2898188F00444187 /* viewModel */ = {
			isa = PBXGroup;
			children = (
				601CDB0D289818A200444187 /* CompanyRegisterViewModel.swift */,
				601CDB11289C139100444187 /* MemberRegisterViewModel.swift */,
			);
			path = viewModel;
			sourceTree = "<group>";
		};
		603C9BED27B7DA8B00623681 /* Base */ = {
			isa = PBXGroup;
			children = (
				0AFA5B9A26018B6A000FD4C0 /* BaseViewController.swift */,
				604AAD9D2748DC8E00A874B9 /* BaseViewModel.swift */,
				60ECC6782725460F00B1A29A /* BaseModel.swift */,
			);
			path = Base;
			sourceTree = "<group>";
		};
		603C9BF127B7DABC00623681 /* Main */ = {
			isa = PBXGroup;
			children = (
				60E1891E25E9F079002A0F89 /* MainViewController.swift */,
			);
			path = Main;
			sourceTree = "<group>";
		};
		603C9BF227B8996800623681 /* viewModel */ = {
			isa = PBXGroup;
			children = (
				60FE85E427C09306003E3314 /* HistoryDataTableViewMdoel.swift */,
			);
			path = viewModel;
			sourceTree = "<group>";
		};
		604AADB52748EACE00A874B9 /* viewModel */ = {
			isa = PBXGroup;
			children = (
				0AB150072615A8A80019E2A4 /* CashRegisterViewModel.swift */,
				60FE85DD27BD3896003E3314 /* CashRegisterDetailTableViewModel.swift */,
				60FE85DC27BD3896003E3314 /* CashRegisterItemCollectionViewModel.swift */,
			);
			path = viewModel;
			sourceTree = "<group>";
		};
		6068CBFF27F880D600F6A065 /* Login */ = {
			isa = PBXGroup;
			children = (
				6068CC0027F880EF00F6A065 /* LoginViewController.swift */,
				601CDB19289E603B00444187 /* LoginResponse.swift */,
			);
			path = Login;
			sourceTree = "<group>";
		};
		6068CC1027F8AB1300F6A065 /* Register */ = {
			isa = PBXGroup;
			children = (
				601CDB0C2898188F00444187 /* viewModel */,
				6068CC1127F8AB3A00F6A065 /* MemberRegisterViewController.swift */,
				601CDB082896C93000444187 /* CompanyRegisterViewController.swift */,
			);
			path = Register;
			sourceTree = "<group>";
		};
		606A526F27CB281A007E91C6 /* Common */ = {
			isa = PBXGroup;
			children = (
				606A527027CB282B007E91C6 /* viewModel */,
				60CEA90426F9980D004DE85B /* DatePickViewController.swift */,
				6068CC0827F8821200F6A065 /* AccPwdTextField.swift */,
				60DE9365282FA982000B7F11 /* StringExtension.swift */,
			);
			path = Common;
			sourceTree = "<group>";
		};
		606A527027CB282B007E91C6 /* viewModel */ = {
			isa = PBXGroup;
			children = (
				60FE85F027C1252C003E3314 /* DatePickViewModel.swift */,
			);
			path = viewModel;
			sourceTree = "<group>";
		};
		606AFAC125F674AC00E16370 /* Item */ = {
			isa = PBXGroup;
			children = (
				604AAD892743D65300A874B9 /* SetUpItemViewModel.swift */,
				0A13BA2626004DE200CC2D15 /* SetUpItemViewController.swift */,
			);
			path = Item;
			sourceTree = "<group>";
		};
		60E1890E25E9F079002A0F89 = {
			isa = PBXGroup;
			children = (
				60E1891925E9F079002A0F89 /* cashRegister */,
				60E1894E25E9F18E002A0F89 /* Storyboard */,
				60E1893025E9F07B002A0F89 /* cashRegisterTests */,
				60E1893B25E9F07B002A0F89 /* cashRegisterUITests */,
				60E1891825E9F079002A0F89 /* Products */,
				3B68AD9F8E35D8DA53AEAE30 /* Pods */,
				C545CD8C4FF572E55BE50EA4 /* Frameworks */,
			);
			sourceTree = "<group>";
		};
		60E1891825E9F079002A0F89 /* Products */ = {
			isa = PBXGroup;
			children = (
				60E1891725E9F079002A0F89 /* cashRegister.app */,
				60E1892D25E9F07A002A0F89 /* cashRegisterTests.xctest */,
				60E1893825E9F07B002A0F89 /* cashRegisterUITests.xctest */,
			);
			name = Products;
			sourceTree = "<group>";
		};
		60E1891925E9F079002A0F89 /* cashRegister */ = {
			isa = PBXGroup;
			children = (
				60E1891A25E9F079002A0F89 /* AppDelegate.swift */,
				60E1891C25E9F079002A0F89 /* SceneDelegate.swift */,
				601CDB15289E4D8C00444187 /* Constant.swift */,
				60E1892325E9F07A002A0F89 /* Assets.xcassets */,
				60E1892525E9F07A002A0F89 /* LaunchScreen.storyboard */,
				606AFAAF25F3806F00E16370 /* UserDefaultUtil.swift */,
				0A2E9E9325F771E3006ACEAC /* UIViewExtension.swift */,
				60E1892825E9F07A002A0F89 /* Info.plist */,
				0A1E0E082609D72900910A4B /* UIDatePickerExtension.swift */,
				0A2E9E6E25F74D0F006ACEAC /* ColorHexUtil.swift */,
				0A2E9E8B25F76E50006ACEAC /* ColorDef.swift */,
				0A1E0E102609DE9A00910A4B /* FormatUtil.swift */,
				60E1894D25E9F188002A0F89 /* UI */,
				60E1895325E9F235002A0F89 /* Response */,
				60EE7D832737F7E600B27215 /* Model */,
			);
			path = cashRegister;
			sourceTree = "<group>";
		};
		60E1893025E9F07B002A0F89 /* cashRegisterTests */ = {
			isa = PBXGroup;
			children = (
				60E1893125E9F07B002A0F89 /* cashRegisterTests.swift */,
			);
			path = cashRegisterTests;
			sourceTree = "<group>";
		};
		60E1893B25E9F07B002A0F89 /* cashRegisterUITests */ = {
			isa = PBXGroup;
			children = (
				60E1893325E9F07B002A0F89 /* Info.plist */,
				60E1893C25E9F07B002A0F89 /* cashRegisterUITests.swift */,
				60E1893E25E9F07B002A0F89 /* Info.plist */,
			);
			path = cashRegisterUITests;
			sourceTree = "<group>";
		};
		60E1894D25E9F188002A0F89 /* UI */ = {
			isa = PBXGroup;
			children = (
				60F49E4528B1FCBA0099CB44 /* APIManager.swift */,
				6068CC1027F8AB1300F6A065 /* Register */,
				6068CBFF27F880D600F6A065 /* Login */,
				606A526F27CB281A007E91C6 /* Common */,
				603C9BF127B7DABC00623681 /* Main */,
				603C9BED27B7DA8B00623681 /* Base */,
				0A570515262D6C1C002E944B /* SetUp */,
				0AF28B7D25FB0A8C008CA39A /* HistoryData */,
				60E1895425E9F24D002A0F89 /* CashRegister */,
			);
			path = UI;
			sourceTree = "<group>";
		};
		60E1894E25E9F18E002A0F89 /* Storyboard */ = {
			isa = PBXGroup;
			children = (
				60E1892025E9F079002A0F89 /* Main.storyboard */,
				60E1897325EA2A7E002A0F89 /* CashRegister.storyboard */,
				0AF28B6D25FAFADE008CA39A /* Data.storyboard */,
				0AE56F4425FF5D1C00877314 /* StepUp.storyboard */,
				6068CC0C27F8A78D00F6A065 /* Register.storyboard */,
			);
			path = Storyboard;
			sourceTree = "<group>";
		};
		60E1895325E9F235002A0F89 /* Response */ = {
			isa = PBXGroup;
			children = (
				604AADAE2748E90F00A874B9 /* BuyDetailResponse.swift */,
			);
			path = Response;
			sourceTree = "<group>";
		};
		60E1895425E9F24D002A0F89 /* CashRegister */ = {
			isa = PBXGroup;
			children = (
				604AADB52748EACE00A874B9 /* viewModel */,
				60E1897825EA2ADE002A0F89 /* CashRegisterViewController.swift */,
				60FE85CC27BD3876003E3314 /* CashRegisterItemCollectionViewCell.swift */,
				60FE85D027BD3887003E3314 /* CashRegisterDetailTableViewCell.swift */,
				60FE85D127BD3887003E3314 /* CashRegisterDetailTableViewCell.xib */,
				60FE85D227BD3887003E3314 /* CashRegisterItemCollectionViewCell.xib */,
			);
			path = CashRegister;
			sourceTree = "<group>";
		};
		60EE7D832737F7E600B27215 /* Model */ = {
			isa = PBXGroup;
			children = (
				60EE7D7F2737C0BE00B27215 /* BentoModel.swift */,
				604AADA42748E87C00A874B9 /* BuyDetailModel.swift */,
				60FE85C827BBCBC8003E3314 /* CashRegisterModel.swift */,
			);
			path = Model;
			sourceTree = "<group>";
		};
		C545CD8C4FF572E55BE50EA4 /* Frameworks */ = {
			isa = PBXGroup;
			children = (
				60310D6C26C00A3200D0D726 /* Alamofire.framework */,
				60310D6926C0087500D0D726 /* Alamofire.framework */,
				60310D6626C007FF00D0D726 /* RxCocoa.framework */,
				60310D6226C007FB00D0D726 /* RxSwift.framework */,
				85C17694D1989D94CEDEB2A7 /* libPods-cashRegisterUITests.a */,
				BAB6091E60BCDF87E209AF12 /* libPods-cashRegister.a */,
			);
			name = Frameworks;
			sourceTree = "<group>";
		};
/* End PBXGroup section */

/* Begin PBXNativeTarget section */
		60E1891625E9F079002A0F89 /* cashRegister */ = {
			isa = PBXNativeTarget;
			buildConfigurationList = 60E1894125E9F07B002A0F89 /* Build configuration list for PBXNativeTarget "cashRegister" */;
			buildPhases = (
				899E4B3B19AFADA02EFB4DF5 /* [CP] Check Pods Manifest.lock */,
				60E1891325E9F079002A0F89 /* Sources */,
				60E1891425E9F079002A0F89 /* Frameworks */,
				60E1891525E9F079002A0F89 /* Resources */,
			);
			buildRules = (
			);
			dependencies = (
			);
			name = cashRegister;
			productName = cashRegister;
			productReference = 60E1891725E9F079002A0F89 /* cashRegister.app */;
			productType = "com.apple.product-type.application";
		};
		60E1892C25E9F07A002A0F89 /* cashRegisterTests */ = {
			isa = PBXNativeTarget;
			buildConfigurationList = 60E1894425E9F07B002A0F89 /* Build configuration list for PBXNativeTarget "cashRegisterTests" */;
			buildPhases = (
				60E1892925E9F07A002A0F89 /* Sources */,
				60E1892A25E9F07A002A0F89 /* Frameworks */,
				60E1892B25E9F07A002A0F89 /* Resources */,
			);
			buildRules = (
			);
			dependencies = (
				60E1892F25E9F07B002A0F89 /* PBXTargetDependency */,
			);
			name = cashRegisterTests;
			productName = cashRegisterTests;
			productReference = 60E1892D25E9F07A002A0F89 /* cashRegisterTests.xctest */;
			productType = "com.apple.product-type.bundle.unit-test";
		};
		60E1893725E9F07B002A0F89 /* cashRegisterUITests */ = {
			isa = PBXNativeTarget;
			buildConfigurationList = 60E1894725E9F07B002A0F89 /* Build configuration list for PBXNativeTarget "cashRegisterUITests" */;
			buildPhases = (
				FA8C44B0B2AB658891B5819C /* [CP] Check Pods Manifest.lock */,
				60E1893425E9F07B002A0F89 /* Sources */,
				60E1893525E9F07B002A0F89 /* Frameworks */,
				60E1893625E9F07B002A0F89 /* Resources */,
			);
			buildRules = (
			);
			dependencies = (
				60E1893A25E9F07B002A0F89 /* PBXTargetDependency */,
			);
			name = cashRegisterUITests;
			productName = cashRegisterUITests;
			productReference = 60E1893825E9F07B002A0F89 /* cashRegisterUITests.xctest */;
			productType = "com.apple.product-type.bundle.ui-testing";
		};
/* End PBXNativeTarget section */

/* Begin PBXProject section */
		60E1890F25E9F079002A0F89 /* Project object */ = {
			isa = PBXProject;
			attributes = {
				LastSwiftUpdateCheck = 1200;
				LastUpgradeCheck = 1200;
				TargetAttributes = {
					60E1891625E9F079002A0F89 = {
						CreatedOnToolsVersion = 12.0;
					};
					60E1892C25E9F07A002A0F89 = {
						CreatedOnToolsVersion = 12.0;
						TestTargetID = 60E1891625E9F079002A0F89;
					};
					60E1893725E9F07B002A0F89 = {
						CreatedOnToolsVersion = 12.0;
						TestTargetID = 60E1891625E9F079002A0F89;
					};
				};
			};
			buildConfigurationList = 60E1891225E9F079002A0F89 /* Build configuration list for PBXProject "cashRegister" */;
			compatibilityVersion = "Xcode 9.3";
			developmentRegion = en;
			hasScannedForEncodings = 0;
			knownRegions = (
				en,
				Base,
			);
			mainGroup = 60E1890E25E9F079002A0F89;
			productRefGroup = 60E1891825E9F079002A0F89 /* Products */;
			projectDirPath = "";
			projectRoot = "";
			targets = (
				60E1891625E9F079002A0F89 /* cashRegister */,
				60E1892C25E9F07A002A0F89 /* cashRegisterTests */,
				60E1893725E9F07B002A0F89 /* cashRegisterUITests */,
			);
		};
/* End PBXProject section */

/* Begin PBXResourcesBuildPhase section */
		60E1891525E9F079002A0F89 /* Resources */ = {
			isa = PBXResourcesBuildPhase;
			buildActionMask = 2147483647;
			files = (
				6068CC0D27F8A78D00F6A065 /* Register.storyboard in Resources */,
				60E1892725E9F07A002A0F89 /* LaunchScreen.storyboard in Resources */,
				60E1892425E9F07A002A0F89 /* Assets.xcassets in Resources */,
				0A570511262D6C11002E944B /* SetUpItemTableViewCell.xib in Resources */,
				60FE85D627BD3887003E3314 /* CashRegisterDetailTableViewCell.xib in Resources */,
				60E1892225E9F079002A0F89 /* Main.storyboard in Resources */,
				60FE85D927BD3887003E3314 /* CashRegisterItemCollectionViewCell.xib in Resources */,
				0AF28B9125FB0AC8008CA39A /* HistoryDataTableViewCell.xib in Resources */,
				0AE56F4525FF5D1C00877314 /* StepUp.storyboard in Resources */,
				0AF28B6E25FAFADE008CA39A /* Data.storyboard in Resources */,
				60E1897425EA2A7E002A0F89 /* CashRegister.storyboard in Resources */,
			);
			runOnlyForDeploymentPostprocessing = 0;
		};
		60E1892B25E9F07A002A0F89 /* Resources */ = {
			isa = PBXResourcesBuildPhase;
			buildActionMask = 2147483647;
			files = (
				60310D8326C8A5E100D0D726 /* Data.storyboard in Resources */,
				60310DA526C8A61800D0D726 /* HistoryDataTableViewCell.xib in Resources */,
				60310D8526C8A5E400D0D726 /* StepUp.storyboard in Resources */,
				60310DA126C8A61200D0D726 /* SetUpItemTableViewCell.xib in Resources */,
				60FE85D727BD3887003E3314 /* CashRegisterDetailTableViewCell.xib in Resources */,
				6068CC0E27F8A78D00F6A065 /* Register.storyboard in Resources */,
				60FE85DA27BD3887003E3314 /* CashRegisterItemCollectionViewCell.xib in Resources */,
				60310D8126C8A5DF00D0D726 /* CashRegister.storyboard in Resources */,
				60310D7F26C8A5D900D0D726 /* Main.storyboard in Resources */,
			);
			runOnlyForDeploymentPostprocessing = 0;
		};
		60E1893625E9F07B002A0F89 /* Resources */ = {
			isa = PBXResourcesBuildPhase;
			buildActionMask = 2147483647;
			files = (
				60310D8426C8A5E200D0D726 /* Data.storyboard in Resources */,
				60310DA626C8A61800D0D726 /* HistoryDataTableViewCell.xib in Resources */,
				60310D8626C8A5E500D0D726 /* StepUp.storyboard in Resources */,
				60310DA226C8A61200D0D726 /* SetUpItemTableViewCell.xib in Resources */,
				60FE85D827BD3887003E3314 /* CashRegisterDetailTableViewCell.xib in Resources */,
				6068CC0F27F8A78D00F6A065 /* Register.storyboard in Resources */,
				60FE85DB27BD3887003E3314 /* CashRegisterItemCollectionViewCell.xib in Resources */,
				60310D8226C8A5DF00D0D726 /* CashRegister.storyboard in Resources */,
				60310D8026C8A5DA00D0D726 /* Main.storyboard in Resources */,
			);
			runOnlyForDeploymentPostprocessing = 0;
		};
/* End PBXResourcesBuildPhase section */

/* Begin PBXShellScriptBuildPhase section */
		899E4B3B19AFADA02EFB4DF5 /* [CP] Check Pods Manifest.lock */ = {
			isa = PBXShellScriptBuildPhase;
			buildActionMask = 2147483647;
			files = (
			);
			inputFileListPaths = (
			);
			inputPaths = (
				"${PODS_PODFILE_DIR_PATH}/Podfile.lock",
				"${PODS_ROOT}/Manifest.lock",
			);
			name = "[CP] Check Pods Manifest.lock";
			outputFileListPaths = (
			);
			outputPaths = (
				"$(DERIVED_FILE_DIR)/Pods-cashRegister-checkManifestLockResult.txt",
			);
			runOnlyForDeploymentPostprocessing = 0;
			shellPath = /bin/sh;
			shellScript = "diff \"${PODS_PODFILE_DIR_PATH}/Podfile.lock\" \"${PODS_ROOT}/Manifest.lock\" > /dev/null\nif [ $? != 0 ] ; then\n    # print error to STDERR\n    echo \"error: The sandbox is not in sync with the Podfile.lock. Run 'pod install' or update your CocoaPods installation.\" >&2\n    exit 1\nfi\n# This output is used by Xcode 'outputs' to avoid re-running this script phase.\necho \"SUCCESS\" > \"${SCRIPT_OUTPUT_FILE_0}\"\n";
			showEnvVarsInLog = 0;
		};
		FA8C44B0B2AB658891B5819C /* [CP] Check Pods Manifest.lock */ = {
			isa = PBXShellScriptBuildPhase;
			buildActionMask = 2147483647;
			files = (
			);
			inputFileListPaths = (
			);
			inputPaths = (
				"${PODS_PODFILE_DIR_PATH}/Podfile.lock",
				"${PODS_ROOT}/Manifest.lock",
			);
			name = "[CP] Check Pods Manifest.lock";
			outputFileListPaths = (
			);
			outputPaths = (
				"$(DERIVED_FILE_DIR)/Pods-cashRegisterUITests-checkManifestLockResult.txt",
			);
			runOnlyForDeploymentPostprocessing = 0;
			shellPath = /bin/sh;
			shellScript = "diff \"${PODS_PODFILE_DIR_PATH}/Podfile.lock\" \"${PODS_ROOT}/Manifest.lock\" > /dev/null\nif [ $? != 0 ] ; then\n    # print error to STDERR\n    echo \"error: The sandbox is not in sync with the Podfile.lock. Run 'pod install' or update your CocoaPods installation.\" >&2\n    exit 1\nfi\n# This output is used by Xcode 'outputs' to avoid re-running this script phase.\necho \"SUCCESS\" > \"${SCRIPT_OUTPUT_FILE_0}\"\n";
			showEnvVarsInLog = 0;
		};
/* End PBXShellScriptBuildPhase section */

/* Begin PBXSourcesBuildPhase section */
		60E1891325E9F079002A0F89 /* Sources */ = {
			isa = PBXSourcesBuildPhase;
			buildActionMask = 2147483647;
			files = (
				0A2E9E9425F771E3006ACEAC /* UIViewExtension.swift in Sources */,
				60B98A68272D00120004B7C3 /* HistorySettingDataSettingViewController.swift in Sources */,
				60FE85D327BD3887003E3314 /* CashRegisterDetailTableViewCell.swift in Sources */,
				601CDB092896C93000444187 /* CompanyRegisterViewController.swift in Sources */,
				60DE9366282FA982000B7F11 /* StringExtension.swift in Sources */,
				0A1E0E112609DE9B00910A4B /* FormatUtil.swift in Sources */,
				60ECC6792725460F00B1A29A /* BaseModel.swift in Sources */,
				60E1891F25E9F079002A0F89 /* MainViewController.swift in Sources */,
				0A2E9E6F25F74D0F006ACEAC /* ColorHexUtil.swift in Sources */,
				601CDB12289C139100444187 /* MemberRegisterViewModel.swift in Sources */,
				60E1891B25E9F079002A0F89 /* AppDelegate.swift in Sources */,
				606AFAB025F3806F00E16370 /* UserDefaultUtil.swift in Sources */,
				6068CC1327F8AB3A00F6A065 /* MemberRegisterViewController.swift in Sources */,
				0AE56F4A25FF5D5600877314 /* SetUpViewController.swift in Sources */,
				60E1897925EA2ADE002A0F89 /* CashRegisterViewController.swift in Sources */,
				60E1891D25E9F079002A0F89 /* SceneDelegate.swift in Sources */,
				0AF28B9025FB0AC8008CA39A /* HistoryDataTableViewCell.swift in Sources */,
				0A2E9E8C25F76E50006ACEAC /* ColorDef.swift in Sources */,
				604AADAF2748E90F00A874B9 /* BuyDetailResponse.swift in Sources */,
				60FE85F127C1252C003E3314 /* DatePickViewModel.swift in Sources */,
				601CDB1A289E603B00444187 /* LoginResponse.swift in Sources */,
				6068CC0927F8821200F6A065 /* AccPwdTextField.swift in Sources */,
				60FE85CD27BD3876003E3314 /* CashRegisterItemCollectionViewCell.swift in Sources */,
				60310DB826C8DFD000D0D726 /* SetUpViewModel.swift in Sources */,
				601CDB0E289818A200444187 /* CompanyRegisterViewModel.swift in Sources */,
				60EE7D802737C0BE00B27215 /* BentoModel.swift in Sources */,
				604AAD9E2748DC8E00A874B9 /* BaseViewModel.swift in Sources */,
				0AFA5B9B26018B6A000FD4C0 /* BaseViewController.swift in Sources */,
				604AADA52748E87C00A874B9 /* BuyDetailModel.swift in Sources */,
				0A1E0E092609D72900910A4B /* UIDatePickerExtension.swift in Sources */,
				0AB150082615A8A80019E2A4 /* CashRegisterViewModel.swift in Sources */,
				0AF28B7625FAFFBC008CA39A /* HistoryDataViewController.swift in Sources */,
				601CDB16289E4D8C00444187 /* Constant.swift in Sources */,
				0A13BA2826004DE200CC2D15 /* SetUpItemViewController.swift in Sources */,
				60FE85DE27BD3896003E3314 /* CashRegisterItemCollectionViewModel.swift in Sources */,
				60F49E4628B1FCBA0099CB44 /* APIManager.swift in Sources */,
				60FE85E527C09306003E3314 /* HistoryDataTableViewMdoel.swift in Sources */,
				60CEA90526F9980D004DE85B /* DatePickViewController.swift in Sources */,
				60FE85C927BBCBC8003E3314 /* CashRegisterModel.swift in Sources */,
				6068CC0227F880EF00F6A065 /* LoginViewController.swift in Sources */,
				60FE85E127BD3896003E3314 /* CashRegisterDetailTableViewModel.swift in Sources */,
				0A570510262D6C11002E944B /* SetUpItemTableViewCell.swift in Sources */,
				604AAD8A2743D65300A874B9 /* SetUpItemViewModel.swift in Sources */,
			);
			runOnlyForDeploymentPostprocessing = 0;
		};
		60E1892925E9F07A002A0F89 /* Sources */ = {
			isa = PBXSourcesBuildPhase;
			buildActionMask = 2147483647;
			files = (
				6068CC1427F8AB3A00F6A065 /* MemberRegisterViewController.swift in Sources */,
				60FE85E627C09306003E3314 /* HistoryDataTableViewMdoel.swift in Sources */,
				601CDB1B289E603B00444187 /* LoginResponse.swift in Sources */,
				604AADB62748EAD700A874B9 /* CashRegisterViewModel.swift in Sources */,
				60E1893225E9F07B002A0F89 /* cashRegisterTests.swift in Sources */,
				60FE85F227C1252C003E3314 /* DatePickViewModel.swift in Sources */,
				60F49E4728B1FCBA0099CB44 /* APIManager.swift in Sources */,
				604AADA62748E87C00A874B9 /* BuyDetailModel.swift in Sources */,
				60310DB926C8DFD000D0D726 /* SetUpViewModel.swift in Sources */,
				60310D9426C8A5FE00D0D726 /* FormatUtil.swift in Sources */,
				6068CC0A27F8821200F6A065 /* AccPwdTextField.swift in Sources */,
				604AAD8B2743D65300A874B9 /* SetUpItemViewModel.swift in Sources */,
				604AAD9F2748DC8E00A874B9 /* BaseViewModel.swift in Sources */,
				60310D9526C8A60100D0D726 /* ColorDef.swift in Sources */,
				60FE85E227BD3896003E3314 /* CashRegisterDetailTableViewModel.swift in Sources */,
				60310D8B26C8A5EF00D0D726 /* HistoryDataViewController.swift in Sources */,
				60FE85CA27BBCBC8003E3314 /* CashRegisterModel.swift in Sources */,
				60310D9726C8A60400D0D726 /* ColorHexUtil.swift in Sources */,
				60310D8F26C8A5F400D0D726 /* BaseViewController.swift in Sources */,
				60310D9B26C8A60900D0D726 /* UIViewExtension.swift in Sources */,
				60310D9126C8A5F700D0D726 /* MainViewController.swift in Sources */,
				60310D9F26C8A60F00D0D726 /* SetUpItemTableViewCell.swift in Sources */,
				60310D8926C8A5ED00D0D726 /* SetUpViewController.swift in Sources */,
				603C9BEE27B7DA9A00623681 /* BaseModel.swift in Sources */,
				60FE85DF27BD3896003E3314 /* CashRegisterItemCollectionViewModel.swift in Sources */,
				6068CC0327F880EF00F6A065 /* LoginViewController.swift in Sources */,
				60310D8D26C8A5F100D0D726 /* CashRegisterViewController.swift in Sources */,
				60310D9926C8A60600D0D726 /* UIDatePickerExtension.swift in Sources */,
				604AADB02748E90F00A874B9 /* BuyDetailResponse.swift in Sources */,
				601CDB17289E4D8C00444187 /* Constant.swift in Sources */,
				601CDB0F289818A200444187 /* CompanyRegisterViewModel.swift in Sources */,
				60CEA90626F9980D004DE85B /* DatePickViewController.swift in Sources */,
				60EE7D812737C0BE00B27215 /* BentoModel.swift in Sources */,
				60310DA326C8A61500D0D726 /* HistoryDataTableViewCell.swift in Sources */,
				60FE85D427BD3887003E3314 /* CashRegisterDetailTableViewCell.swift in Sources */,
				601CDB13289C139100444187 /* MemberRegisterViewModel.swift in Sources */,
				60310D8726C8A5EA00D0D726 /* SetUpItemViewController.swift in Sources */,
				601CDB0A2896C93000444187 /* CompanyRegisterViewController.swift in Sources */,
				60DE9367282FA982000B7F11 /* StringExtension.swift in Sources */,
				60B98A69272D00120004B7C3 /* HistorySettingDataSettingViewController.swift in Sources */,
				60310D9E26C8A60C00D0D726 /* UserDefaultUtil.swift in Sources */,
				60FE85CE27BD3876003E3314 /* CashRegisterItemCollectionViewCell.swift in Sources */,
			);
			runOnlyForDeploymentPostprocessing = 0;
		};
		60E1893425E9F07B002A0F89 /* Sources */ = {
			isa = PBXSourcesBuildPhase;
			buildActionMask = 2147483647;
			files = (
				6068CC1527F8AB3A00F6A065 /* MemberRegisterViewController.swift in Sources */,
				60FE85E727C09306003E3314 /* HistoryDataTableViewMdoel.swift in Sources */,
				601CDB1C289E603B00444187 /* LoginResponse.swift in Sources */,
				604AADB72748EAD700A874B9 /* CashRegisterViewModel.swift in Sources */,
				60E1893D25E9F07B002A0F89 /* cashRegisterUITests.swift in Sources */,
				60FE85F327C1252C003E3314 /* DatePickViewModel.swift in Sources */,
				60F49E4828B1FCBA0099CB44 /* APIManager.swift in Sources */,
				604AADA72748E87C00A874B9 /* BuyDetailModel.swift in Sources */,
				60310DBA26C8DFD000D0D726 /* SetUpViewModel.swift in Sources */,
				60310D9326C8A5FE00D0D726 /* FormatUtil.swift in Sources */,
				6068CC0B27F8821200F6A065 /* AccPwdTextField.swift in Sources */,
				604AAD8C2743D65300A874B9 /* SetUpItemViewModel.swift in Sources */,
				604AADA02748DC8E00A874B9 /* BaseViewModel.swift in Sources */,
				60310D9626C8A60100D0D726 /* ColorDef.swift in Sources */,
				60FE85E327BD3896003E3314 /* CashRegisterDetailTableViewModel.swift in Sources */,
				60310D8C26C8A5F000D0D726 /* HistoryDataViewController.swift in Sources */,
				60FE85CB27BBCBC8003E3314 /* CashRegisterModel.swift in Sources */,
				60310D9826C8A60400D0D726 /* ColorHexUtil.swift in Sources */,
				60310D9026C8A5F400D0D726 /* BaseViewController.swift in Sources */,
				60310D9C26C8A60900D0D726 /* UIViewExtension.swift in Sources */,
				60310D9226C8A5F700D0D726 /* MainViewController.swift in Sources */,
				60310DA026C8A60F00D0D726 /* SetUpItemTableViewCell.swift in Sources */,
				60310D8A26C8A5ED00D0D726 /* SetUpViewController.swift in Sources */,
				603C9BEF27B7DA9A00623681 /* BaseModel.swift in Sources */,
				60FE85E027BD3896003E3314 /* CashRegisterItemCollectionViewModel.swift in Sources */,
				6068CC0427F880EF00F6A065 /* LoginViewController.swift in Sources */,
				60310D8E26C8A5F200D0D726 /* CashRegisterViewController.swift in Sources */,
				60310D9A26C8A60700D0D726 /* UIDatePickerExtension.swift in Sources */,
				604AADB12748E90F00A874B9 /* BuyDetailResponse.swift in Sources */,
				601CDB18289E4D8C00444187 /* Constant.swift in Sources */,
				601CDB10289818A200444187 /* CompanyRegisterViewModel.swift in Sources */,
				60CEA90726F9980D004DE85B /* DatePickViewController.swift in Sources */,
				60EE7D822737C0BE00B27215 /* BentoModel.swift in Sources */,
				60310DA426C8A61600D0D726 /* HistoryDataTableViewCell.swift in Sources */,
				60FE85D527BD3887003E3314 /* CashRegisterDetailTableViewCell.swift in Sources */,
				601CDB14289C139100444187 /* MemberRegisterViewModel.swift in Sources */,
				60310D8826C8A5EB00D0D726 /* SetUpItemViewController.swift in Sources */,
				601CDB0B2896C93000444187 /* CompanyRegisterViewController.swift in Sources */,
				60DE9368282FA982000B7F11 /* StringExtension.swift in Sources */,
				60B98A6A272D00120004B7C3 /* HistorySettingDataSettingViewController.swift in Sources */,
				60310D9D26C8A60B00D0D726 /* UserDefaultUtil.swift in Sources */,
				60FE85CF27BD3876003E3314 /* CashRegisterItemCollectionViewCell.swift in Sources */,
			);
			runOnlyForDeploymentPostprocessing = 0;
		};
/* End PBXSourcesBuildPhase section */

/* Begin PBXTargetDependency section */
		60E1892F25E9F07B002A0F89 /* PBXTargetDependency */ = {
			isa = PBXTargetDependency;
			target = 60E1891625E9F079002A0F89 /* cashRegister */;
			targetProxy = 60E1892E25E9F07B002A0F89 /* PBXContainerItemProxy */;
		};
		60E1893A25E9F07B002A0F89 /* PBXTargetDependency */ = {
			isa = PBXTargetDependency;
			target = 60E1891625E9F079002A0F89 /* cashRegister */;
			targetProxy = 60E1893925E9F07B002A0F89 /* PBXContainerItemProxy */;
		};
/* End PBXTargetDependency section */

/* Begin PBXVariantGroup section */
		60E1892025E9F079002A0F89 /* Main.storyboard */ = {
			isa = PBXVariantGroup;
			children = (
				60E1892125E9F079002A0F89 /* Base */,
			);
			name = Main.storyboard;
			sourceTree = "<group>";
		};
		60E1892525E9F07A002A0F89 /* LaunchScreen.storyboard */ = {
			isa = PBXVariantGroup;
			children = (
				60E1892625E9F07A002A0F89 /* Base */,
			);
			name = LaunchScreen.storyboard;
			sourceTree = "<group>";
		};
/* End PBXVariantGroup section */

/* Begin XCBuildConfiguration section */
		60E1893F25E9F07B002A0F89 /* Debug */ = {
			isa = XCBuildConfiguration;
			buildSettings = {
				ALWAYS_SEARCH_USER_PATHS = NO;
				CLANG_ANALYZER_NONNULL = YES;
				CLANG_ANALYZER_NUMBER_OBJECT_CONVERSION = YES_AGGRESSIVE;
				CLANG_CXX_LANGUAGE_STANDARD = "gnu++14";
				CLANG_CXX_LIBRARY = "libc++";
				CLANG_ENABLE_MODULES = YES;
				CLANG_ENABLE_OBJC_ARC = YES;
				CLANG_ENABLE_OBJC_WEAK = YES;
				CLANG_WARN_BLOCK_CAPTURE_AUTORELEASING = YES;
				CLANG_WARN_BOOL_CONVERSION = YES;
				CLANG_WARN_COMMA = YES;
				CLANG_WARN_CONSTANT_CONVERSION = YES;
				CLANG_WARN_DEPRECATED_OBJC_IMPLEMENTATIONS = YES;
				CLANG_WARN_DIRECT_OBJC_ISA_USAGE = YES_ERROR;
				CLANG_WARN_DOCUMENTATION_COMMENTS = YES;
				CLANG_WARN_EMPTY_BODY = YES;
				CLANG_WARN_ENUM_CONVERSION = YES;
				CLANG_WARN_INFINITE_RECURSION = YES;
				CLANG_WARN_INT_CONVERSION = YES;
				CLANG_WARN_NON_LITERAL_NULL_CONVERSION = YES;
				CLANG_WARN_OBJC_IMPLICIT_RETAIN_SELF = YES;
				CLANG_WARN_OBJC_LITERAL_CONVERSION = YES;
				CLANG_WARN_OBJC_ROOT_CLASS = YES_ERROR;
				CLANG_WARN_QUOTED_INCLUDE_IN_FRAMEWORK_HEADER = YES;
				CLANG_WARN_RANGE_LOOP_ANALYSIS = YES;
				CLANG_WARN_STRICT_PROTOTYPES = YES;
				CLANG_WARN_SUSPICIOUS_MOVE = YES;
				CLANG_WARN_UNGUARDED_AVAILABILITY = YES_AGGRESSIVE;
				CLANG_WARN_UNREACHABLE_CODE = YES;
				CLANG_WARN__DUPLICATE_METHOD_MATCH = YES;
				COPY_PHASE_STRIP = NO;
				DEBUG_INFORMATION_FORMAT = dwarf;
				ENABLE_STRICT_OBJC_MSGSEND = YES;
				ENABLE_TESTABILITY = YES;
				GCC_C_LANGUAGE_STANDARD = gnu11;
				GCC_DYNAMIC_NO_PIC = NO;
				GCC_NO_COMMON_BLOCKS = YES;
				GCC_OPTIMIZATION_LEVEL = 0;
				GCC_PREPROCESSOR_DEFINITIONS = (
					"DEBUG=1",
					"$(inherited)",
				);
				GCC_WARN_64_TO_32_BIT_CONVERSION = YES;
				GCC_WARN_ABOUT_RETURN_TYPE = YES_ERROR;
				GCC_WARN_UNDECLARED_SELECTOR = YES;
				GCC_WARN_UNINITIALIZED_AUTOS = YES_AGGRESSIVE;
				GCC_WARN_UNUSED_FUNCTION = YES;
				GCC_WARN_UNUSED_VARIABLE = YES;
				IPHONEOS_DEPLOYMENT_TARGET = 14.0;
				MTL_ENABLE_DEBUG_INFO = INCLUDE_SOURCE;
				MTL_FAST_MATH = YES;
				ONLY_ACTIVE_ARCH = YES;
				SDKROOT = iphoneos;
				SWIFT_ACTIVE_COMPILATION_CONDITIONS = DEBUG;
				SWIFT_OPTIMIZATION_LEVEL = "-Onone";
			};
			name = Debug;
		};
		60E1894025E9F07B002A0F89 /* Release */ = {
			isa = XCBuildConfiguration;
			buildSettings = {
				ALWAYS_SEARCH_USER_PATHS = NO;
				CLANG_ANALYZER_NONNULL = YES;
				CLANG_ANALYZER_NUMBER_OBJECT_CONVERSION = YES_AGGRESSIVE;
				CLANG_CXX_LANGUAGE_STANDARD = "gnu++14";
				CLANG_CXX_LIBRARY = "libc++";
				CLANG_ENABLE_MODULES = YES;
				CLANG_ENABLE_OBJC_ARC = YES;
				CLANG_ENABLE_OBJC_WEAK = YES;
				CLANG_WARN_BLOCK_CAPTURE_AUTORELEASING = YES;
				CLANG_WARN_BOOL_CONVERSION = YES;
				CLANG_WARN_COMMA = YES;
				CLANG_WARN_CONSTANT_CONVERSION = YES;
				CLANG_WARN_DEPRECATED_OBJC_IMPLEMENTATIONS = YES;
				CLANG_WARN_DIRECT_OBJC_ISA_USAGE = YES_ERROR;
				CLANG_WARN_DOCUMENTATION_COMMENTS = YES;
				CLANG_WARN_EMPTY_BODY = YES;
				CLANG_WARN_ENUM_CONVERSION = YES;
				CLANG_WARN_INFINITE_RECURSION = YES;
				CLANG_WARN_INT_CONVERSION = YES;
				CLANG_WARN_NON_LITERAL_NULL_CONVERSION = YES;
				CLANG_WARN_OBJC_IMPLICIT_RETAIN_SELF = YES;
				CLANG_WARN_OBJC_LITERAL_CONVERSION = YES;
				CLANG_WARN_OBJC_ROOT_CLASS = YES_ERROR;
				CLANG_WARN_QUOTED_INCLUDE_IN_FRAMEWORK_HEADER = YES;
				CLANG_WARN_RANGE_LOOP_ANALYSIS = YES;
				CLANG_WARN_STRICT_PROTOTYPES = YES;
				CLANG_WARN_SUSPICIOUS_MOVE = YES;
				CLANG_WARN_UNGUARDED_AVAILABILITY = YES_AGGRESSIVE;
				CLANG_WARN_UNREACHABLE_CODE = YES;
				CLANG_WARN__DUPLICATE_METHOD_MATCH = YES;
				COPY_PHASE_STRIP = NO;
				DEBUG_INFORMATION_FORMAT = "dwarf-with-dsym";
				ENABLE_NS_ASSERTIONS = NO;
				ENABLE_STRICT_OBJC_MSGSEND = YES;
				GCC_C_LANGUAGE_STANDARD = gnu11;
				GCC_NO_COMMON_BLOCKS = YES;
				GCC_WARN_64_TO_32_BIT_CONVERSION = YES;
				GCC_WARN_ABOUT_RETURN_TYPE = YES_ERROR;
				GCC_WARN_UNDECLARED_SELECTOR = YES;
				GCC_WARN_UNINITIALIZED_AUTOS = YES_AGGRESSIVE;
				GCC_WARN_UNUSED_FUNCTION = YES;
				GCC_WARN_UNUSED_VARIABLE = YES;
				IPHONEOS_DEPLOYMENT_TARGET = 14.0;
				MTL_ENABLE_DEBUG_INFO = NO;
				MTL_FAST_MATH = YES;
				SDKROOT = iphoneos;
				SWIFT_COMPILATION_MODE = wholemodule;
				SWIFT_OPTIMIZATION_LEVEL = "-O";
				VALIDATE_PRODUCT = YES;
			};
			name = Release;
		};
		60E1894225E9F07B002A0F89 /* Debug */ = {
			isa = XCBuildConfiguration;
			baseConfigurationReference = 302EB3858FE4942D0212E79A /* Pods-cashRegister.debug.xcconfig */;
			buildSettings = {
				ASSETCATALOG_COMPILER_APPICON_NAME = AppIcon;
				ASSETCATALOG_COMPILER_GLOBAL_ACCENT_COLOR_NAME = AccentColor;
				CODE_SIGN_STYLE = Automatic;
				DEVELOPMENT_TEAM = HNXJF548B9;
				INFOPLIST_FILE = cashRegister/Info.plist;
				LD_RUNPATH_SEARCH_PATHS = (
					"$(inherited)",
					"@executable_path/Frameworks",
				);
				PRODUCT_BUNDLE_IDENTIFIER = a40103920045.cashRegister;
				PRODUCT_NAME = "$(TARGET_NAME)";
				SWIFT_VERSION = 5.0;
				TARGETED_DEVICE_FAMILY = 2;
			};
			name = Debug;
		};
		60E1894325E9F07B002A0F89 /* Release */ = {
			isa = XCBuildConfiguration;
			baseConfigurationReference = 3F1254E579BB02B04F27F489 /* Pods-cashRegister.release.xcconfig */;
			buildSettings = {
				ASSETCATALOG_COMPILER_APPICON_NAME = AppIcon;
				ASSETCATALOG_COMPILER_GLOBAL_ACCENT_COLOR_NAME = AccentColor;
				CODE_SIGN_STYLE = Automatic;
				DEVELOPMENT_TEAM = HNXJF548B9;
				INFOPLIST_FILE = cashRegister/Info.plist;
				LD_RUNPATH_SEARCH_PATHS = (
					"$(inherited)",
					"@executable_path/Frameworks",
				);
				PRODUCT_BUNDLE_IDENTIFIER = a40103920045.cashRegister;
				PRODUCT_NAME = "$(TARGET_NAME)";
				SWIFT_VERSION = 5.0;
				TARGETED_DEVICE_FAMILY = 2;
			};
			name = Release;
		};
		60E1894525E9F07B002A0F89 /* Debug */ = {
			isa = XCBuildConfiguration;
			buildSettings = {
				ALWAYS_EMBED_SWIFT_STANDARD_LIBRARIES = YES;
				BUNDLE_LOADER = "$(TEST_HOST)";
				CODE_SIGN_STYLE = Automatic;
				DEVELOPMENT_TEAM = HNXJF548B9;
				INFOPLIST_FILE = cashRegisterTests/Info.plist;
				IPHONEOS_DEPLOYMENT_TARGET = 14.0;
				LD_RUNPATH_SEARCH_PATHS = (
					"$(inherited)",
					"@executable_path/Frameworks",
					"@loader_path/Frameworks",
				);
				PRODUCT_BUNDLE_IDENTIFIER = a40103920045.cashRegisterTests;
				PRODUCT_NAME = "$(TARGET_NAME)";
				SWIFT_VERSION = 5.0;
				TARGETED_DEVICE_FAMILY = "1,2";
				TEST_HOST = "$(BUILT_PRODUCTS_DIR)/cashRegister.app/cashRegister";
			};
			name = Debug;
		};
		60E1894625E9F07B002A0F89 /* Release */ = {
			isa = XCBuildConfiguration;
			buildSettings = {
				ALWAYS_EMBED_SWIFT_STANDARD_LIBRARIES = YES;
				BUNDLE_LOADER = "$(TEST_HOST)";
				CODE_SIGN_STYLE = Automatic;
				DEVELOPMENT_TEAM = HNXJF548B9;
				INFOPLIST_FILE = cashRegisterTests/Info.plist;
				IPHONEOS_DEPLOYMENT_TARGET = 14.0;
				LD_RUNPATH_SEARCH_PATHS = (
					"$(inherited)",
					"@executable_path/Frameworks",
					"@loader_path/Frameworks",
				);
				PRODUCT_BUNDLE_IDENTIFIER = a40103920045.cashRegisterTests;
				PRODUCT_NAME = "$(TARGET_NAME)";
				SWIFT_VERSION = 5.0;
				TARGETED_DEVICE_FAMILY = "1,2";
				TEST_HOST = "$(BUILT_PRODUCTS_DIR)/cashRegister.app/cashRegister";
			};
			name = Release;
		};
		60E1894825E9F07B002A0F89 /* Debug */ = {
			isa = XCBuildConfiguration;
			baseConfigurationReference = 949DC298E687EE481E3071D9 /* Pods-cashRegisterUITests.debug.xcconfig */;
			buildSettings = {
				ALWAYS_EMBED_SWIFT_STANDARD_LIBRARIES = YES;
				CODE_SIGN_STYLE = Automatic;
				DEVELOPMENT_TEAM = HNXJF548B9;
				INFOPLIST_FILE = cashRegisterUITests/Info.plist;
				LD_RUNPATH_SEARCH_PATHS = (
					"$(inherited)",
					"@executable_path/Frameworks",
					"@loader_path/Frameworks",
				);
				PRODUCT_BUNDLE_IDENTIFIER = a40103920045.cashRegisterUITests;
				PRODUCT_NAME = "$(TARGET_NAME)";
				SWIFT_VERSION = 5.0;
				TARGETED_DEVICE_FAMILY = "1,2";
				TEST_TARGET_NAME = cashRegister;
			};
			name = Debug;
		};
		60E1894925E9F07B002A0F89 /* Release */ = {
			isa = XCBuildConfiguration;
			baseConfigurationReference = 265E6C8076F11FB8C60A4B40 /* Pods-cashRegisterUITests.release.xcconfig */;
			buildSettings = {
				ALWAYS_EMBED_SWIFT_STANDARD_LIBRARIES = YES;
				CODE_SIGN_STYLE = Automatic;
				DEVELOPMENT_TEAM = HNXJF548B9;
				INFOPLIST_FILE = cashRegisterUITests/Info.plist;
				LD_RUNPATH_SEARCH_PATHS = (
					"$(inherited)",
					"@executable_path/Frameworks",
					"@loader_path/Frameworks",
				);
				PRODUCT_BUNDLE_IDENTIFIER = a40103920045.cashRegisterUITests;
				PRODUCT_NAME = "$(TARGET_NAME)";
				SWIFT_VERSION = 5.0;
				TARGETED_DEVICE_FAMILY = "1,2";
				TEST_TARGET_NAME = cashRegister;
			};
			name = Release;
		};
/* End XCBuildConfiguration section */

/* Begin XCConfigurationList section */
		60E1891225E9F079002A0F89 /* Build configuration list for PBXProject "cashRegister" */ = {
			isa = XCConfigurationList;
			buildConfigurations = (
				60E1893F25E9F07B002A0F89 /* Debug */,
				60E1894025E9F07B002A0F89 /* Release */,
			);
			defaultConfigurationIsVisible = 0;
			defaultConfigurationName = Release;
		};
		60E1894125E9F07B002A0F89 /* Build configuration list for PBXNativeTarget "cashRegister" */ = {
			isa = XCConfigurationList;
			buildConfigurations = (
				60E1894225E9F07B002A0F89 /* Debug */,
				60E1894325E9F07B002A0F89 /* Release */,
			);
			defaultConfigurationIsVisible = 0;
			defaultConfigurationName = Release;
		};
		60E1894425E9F07B002A0F89 /* Build configuration list for PBXNativeTarget "cashRegisterTests" */ = {
			isa = XCConfigurationList;
			buildConfigurations = (
				60E1894525E9F07B002A0F89 /* Debug */,
				60E1894625E9F07B002A0F89 /* Release */,
			);
			defaultConfigurationIsVisible = 0;
			defaultConfigurationName = Release;
		};
		60E1894725E9F07B002A0F89 /* Build configuration list for PBXNativeTarget "cashRegisterUITests" */ = {
			isa = XCConfigurationList;
			buildConfigurations = (
				60E1894825E9F07B002A0F89 /* Debug */,
				60E1894925E9F07B002A0F89 /* Release */,
			);
			defaultConfigurationIsVisible = 0;
			defaultConfigurationName = Release;
		};
/* End XCConfigurationList section */
	};
	rootObject = 60E1890F25E9F079002A0F89 /* Project object */;
}
